<?xml version="1.0" encoding="utf-8"?>
<Project ToolsVersion="4.0" xmlns="http://schemas.microsoft.com/developer/msbuild/2003">
  <ItemGroup>
    <Filter Include="Source Files">
      <UniqueIdentifier>{4FC737F1-C7A5-4376-A066-2A32D752A2FF}</UniqueIdentifier>
      <Extensions>cpp;c;cc;cxx;def;odl;idl;hpj;bat;asm;asmx</Extensions>
    </Filter>
    <Filter Include="Header Files">
      <UniqueIdentifier>{93995380-89BD-4b04-88EB-625FBE52EBFB}</UniqueIdentifier>
      <Extensions>h;hh;hpp;hxx;hm;inl;inc;xsd</Extensions>
    </Filter>
    <Filter Include="Resource Files">
      <UniqueIdentifier>{67DA6AB6-F800-4c08-8B7A-83BB121AAD01}</UniqueIdentifier>
      <Extensions>rc;ico;cur;bmp;dlg;rc2;rct;bin;rgs;gif;jpg;jpeg;jpe;resx;tiff;tif;png;wav;mfcribbon-ms</Extensions>
    </Filter>
    <Filter Include="src">
      <UniqueIdentifier>{5c3496a9-362b-4144-ba26-cbf9c35962b2}</UniqueIdentifier>
    </Filter>
    <Filter Include="src\_micro-api-readonly">
      <UniqueIdentifier>{7fec0ed0-652f-45e2-a3d9-b168e882a8d1}</UniqueIdentifier>
    </Filter>
    <Filter Include="src\_micro-api-readonly\core">
      <UniqueIdentifier>{0d30377e-792b-4f35-b096-12f61491c4d1}</UniqueIdentifier>
    </Filter>
    <Filter Include="src\_micro-api-readonly\variants">
      <UniqueIdentifier>{7d0d9c12-e07a-42a4-9d1c-98e7eababbb1}</UniqueIdentifier>
    </Filter>
    <Filter Include="src\_micro-api-readonly\variants\arduino_due_x">
      <UniqueIdentifier>{a49cb572-2650-432f-8dea-c648bdff201f}</UniqueIdentifier>
    </Filter>
    <Filter Include="src\_micro-api-readonly\core\avr">
      <UniqueIdentifier>{3b1a3b1e-7c0a-45d5-80bc-5d04edaec848}</UniqueIdentifier>
    </Filter>
    <Filter Include="src\_micro-api-readonly\core\USB">
      <UniqueIdentifier>{1efd7b69-5e59-410d-8004-261900c1b85e}</UniqueIdentifier>
    </Filter>
    <Filter Include="src\_micro-api-readonly\libraries">
      <UniqueIdentifier>{982e0f4d-c977-4848-b834-46eeebf3057d}</UniqueIdentifier>
    </Filter>
    <Filter Include="src\_micro-api-readonly\libraries\AutoDriver_Due">
      <UniqueIdentifier>{e950179c-468a-426f-9b05-c74ea85c4d0c}</UniqueIdentifier>
    </Filter>
    <Filter Include="src\_micro-api-readonly\libraries\LCD5110_Graph">
      <UniqueIdentifier>{c644bb9a-f520-4cbe-8c92-3434b323cd99}</UniqueIdentifier>
    </Filter>
    <Filter Include="src\_micro-api-readonly\libraries\Pixy">
      <UniqueIdentifier>{af169edf-b4e3-474f-a8c3-d34ebff49014}</UniqueIdentifier>
    </Filter>
    <Filter Include="src\_micro-api-readonly\libraries\SPI">
      <UniqueIdentifier>{c1a90723-7b8e-43ec-954c-8164c99a8bc3}</UniqueIdentifier>
    </Filter>
    <Filter Include="src\_micro-api-readonly\libraries\SPI\examples">
      <UniqueIdentifier>{ccf93de2-aa0e-4639-97fa-32a6598c92db}</UniqueIdentifier>
    </Filter>
    <Filter Include="src\_micro-api-readonly\libraries\SPI\examples\BarometricPressureSensor">
      <UniqueIdentifier>{b72a0865-3b6a-45fa-b20b-6eb1977a12d9}</UniqueIdentifier>
    </Filter>
    <Filter Include="src\_micro-api-readonly\libraries\SPI\examples\DigitalPotControl">
      <UniqueIdentifier>{606af315-0041-4dfa-acc9-018dc79430c6}</UniqueIdentifier>
    </Filter>
    <Filter Include="src\_micro-api-readonly\libraries\SPI\src">
      <UniqueIdentifier>{fb359eb2-19ae-4d1e-9a4c-017ece086c8b}</UniqueIdentifier>
    </Filter>
    <Filter Include="src\_micro-api-readonly\libraries\TinyEKF">
      <UniqueIdentifier>{66bd10fa-31e7-4a0d-bff7-c1e8f1cf6ed0}</UniqueIdentifier>
    </Filter>
    <Filter Include="src\_micro-api-readonly\libraries\Wire">
      <UniqueIdentifier>{9c02153c-153d-48c3-b7ad-9613b50f8fa1}</UniqueIdentifier>
    </Filter>
    <Filter Include="src\_micro-api-readonly\libraries\Wire\examples">
      <UniqueIdentifier>{98e3e98c-f3bc-469b-b664-750efaae6897}</UniqueIdentifier>
    </Filter>
    <Filter Include="src\_micro-api-readonly\libraries\Wire\examples\digital_potentiometer">
      <UniqueIdentifier>{09a26178-c347-4381-b2f6-875d4e361e64}</UniqueIdentifier>
    </Filter>
    <Filter Include="src\_micro-api-readonly\libraries\Wire\examples\master_reader">
      <UniqueIdentifier>{74c344ff-5d5b-4c9f-9916-44f66f2d58f0}</UniqueIdentifier>
    </Filter>
    <Filter Include="src\_micro-api-readonly\libraries\Wire\examples\master_writer">
      <UniqueIdentifier>{fcda0f19-f749-4c8f-949e-7b405a445ce5}</UniqueIdentifier>
    </Filter>
    <Filter Include="src\_micro-api-readonly\libraries\Wire\examples\SFRRanger_reader">
      <UniqueIdentifier>{2250d568-5525-42bb-8aa4-fbea74c20027}</UniqueIdentifier>
    </Filter>
    <Filter Include="src\_micro-api-readonly\libraries\Wire\examples\slave_receiver">
      <UniqueIdentifier>{d38aa86e-45d1-458b-ba77-aad8fd56c17f}</UniqueIdentifier>
    </Filter>
    <Filter Include="src\_micro-api-readonly\libraries\Wire\examples\slave_sender">
      <UniqueIdentifier>{bb8d6864-3aa3-4517-8d6e-f13720463a55}</UniqueIdentifier>
    </Filter>
    <Filter Include="src\_micro-api-readonly\libraries\Wire\src">
      <UniqueIdentifier>{dedc266f-587e-4030-b8b9-d47e5511f0cd}</UniqueIdentifier>
    </Filter>
  </ItemGroup>
  <ItemGroup>
    <None Include="FeederDue.ino" />
    <None Include="..\..\..\..\..\..\..\..\..\AppData\Local\arduino15\packages\arduino\hardware\sam\1.6.8\cores\arduino\wiring_pulse_asm.S">
      <Filter>src\_micro-api-readonly\core</Filter>
    </None>
  </ItemGroup>
  <ItemGroup>
    <ClInclude Include="__vm\.FeederDue.vsarduino.h">
      <Filter>Header Files</Filter>
    </ClInclude>
    <ClInclude Include="..\..\..\..\..\..\..\..\..\AppData\Local\arduino15\packages\arduino\hardware\sam\1.6.8\cores\arduino\Arduino.h">
      <Filter>src\_micro-api-readonly\core</Filter>
    </ClInclude>
    <ClInclude Include="..\..\..\..\..\..\..\..\..\AppData\Local\arduino15\packages\arduino\hardware\sam\1.6.8\cores\arduino\binary.h">
      <Filter>src\_micro-api-readonly\core</Filter>
    </ClInclude>
    <ClInclude Include="..\..\..\..\..\..\..\..\..\AppData\Local\arduino15\packages\arduino\hardware\sam\1.6.8\cores\arduino\Client.h">
      <Filter>src\_micro-api-readonly\core</Filter>
    </ClInclude>
    <ClInclude Include="..\..\..\..\..\..\..\..\..\AppData\Local\arduino15\packages\arduino\hardware\sam\1.6.8\cores\arduino\HardwareSerial.h">
      <Filter>src\_micro-api-readonly\core</Filter>
    </ClInclude>
    <ClInclude Include="..\..\..\..\..\..\..\..\..\AppData\Local\arduino15\packages\arduino\hardware\sam\1.6.8\cores\arduino\IPAddress.h">
      <Filter>src\_micro-api-readonly\core</Filter>
    </ClInclude>
    <ClInclude Include="..\..\..\..\..\..\..\..\..\AppData\Local\arduino15\packages\arduino\hardware\sam\1.6.8\cores\arduino\itoa.h">
      <Filter>src\_micro-api-readonly\core</Filter>
    </ClInclude>
    <ClInclude Include="..\..\..\..\..\..\..\..\..\AppData\Local\arduino15\packages\arduino\hardware\sam\1.6.8\cores\arduino\Print.h">
      <Filter>src\_micro-api-readonly\core</Filter>
    </ClInclude>
    <ClInclude Include="..\..\..\..\..\..\..\..\..\AppData\Local\arduino15\packages\arduino\hardware\sam\1.6.8\cores\arduino\Printable.h">
      <Filter>src\_micro-api-readonly\core</Filter>
    </ClInclude>
    <ClInclude Include="..\..\..\..\..\..\..\..\..\AppData\Local\arduino15\packages\arduino\hardware\sam\1.6.8\cores\arduino\Reset.h">
      <Filter>src\_micro-api-readonly\core</Filter>
    </ClInclude>
    <ClInclude Include="..\..\..\..\..\..\..\..\..\AppData\Local\arduino15\packages\arduino\hardware\sam\1.6.8\cores\arduino\RingBuffer.h">
      <Filter>src\_micro-api-readonly\core</Filter>
    </ClInclude>
    <ClInclude Include="..\..\..\..\..\..\..\..\..\AppData\Local\arduino15\packages\arduino\hardware\sam\1.6.8\cores\arduino\Server.h">
      <Filter>src\_micro-api-readonly\core</Filter>
    </ClInclude>
    <ClInclude Include="..\..\..\..\..\..\..\..\..\AppData\Local\arduino15\packages\arduino\hardware\sam\1.6.8\cores\arduino\Stream.h">
      <Filter>src\_micro-api-readonly\core</Filter>
    </ClInclude>
    <ClInclude Include="..\..\..\..\..\..\..\..\..\AppData\Local\arduino15\packages\arduino\hardware\sam\1.6.8\cores\arduino\syscalls.h">
      <Filter>src\_micro-api-readonly\core</Filter>
    </ClInclude>
    <ClInclude Include="..\..\..\..\..\..\..\..\..\AppData\Local\arduino15\packages\arduino\hardware\sam\1.6.8\cores\arduino\Tone.h">
      <Filter>src\_micro-api-readonly\core</Filter>
    </ClInclude>
    <ClInclude Include="..\..\..\..\..\..\..\..\..\AppData\Local\arduino15\packages\arduino\hardware\sam\1.6.8\cores\arduino\UARTClass.h">
      <Filter>src\_micro-api-readonly\core</Filter>
    </ClInclude>
    <ClInclude Include="..\..\..\..\..\..\..\..\..\AppData\Local\arduino15\packages\arduino\hardware\sam\1.6.8\cores\arduino\Udp.h">
      <Filter>src\_micro-api-readonly\core</Filter>
    </ClInclude>
    <ClInclude Include="..\..\..\..\..\..\..\..\..\AppData\Local\arduino15\packages\arduino\hardware\sam\1.6.8\cores\arduino\USARTClass.h">
      <Filter>src\_micro-api-readonly\core</Filter>
    </ClInclude>
    <ClInclude Include="..\..\..\..\..\..\..\..\..\AppData\Local\arduino15\packages\arduino\hardware\sam\1.6.8\cores\arduino\watchdog.h">
      <Filter>src\_micro-api-readonly\core</Filter>
    </ClInclude>
    <ClInclude Include="..\..\..\..\..\..\..\..\..\AppData\Local\arduino15\packages\arduino\hardware\sam\1.6.8\cores\arduino\WCharacter.h">
      <Filter>src\_micro-api-readonly\core</Filter>
    </ClInclude>
    <ClInclude Include="..\..\..\..\..\..\..\..\..\AppData\Local\arduino15\packages\arduino\hardware\sam\1.6.8\cores\arduino\WInterrupts.h">
      <Filter>src\_micro-api-readonly\core</Filter>
    </ClInclude>
    <ClInclude Include="..\..\..\..\..\..\..\..\..\AppData\Local\arduino15\packages\arduino\hardware\sam\1.6.8\cores\arduino\wiring.h">
      <Filter>src\_micro-api-readonly\core</Filter>
    </ClInclude>
    <ClInclude Include="..\..\..\..\..\..\..\..\..\AppData\Local\arduino15\packages\arduino\hardware\sam\1.6.8\cores\arduino\wiring_analog.h">
      <Filter>src\_micro-api-readonly\core</Filter>
    </ClInclude>
    <ClInclude Include="..\..\..\..\..\..\..\..\..\AppData\Local\arduino15\packages\arduino\hardware\sam\1.6.8\cores\arduino\wiring_constants.h">
      <Filter>src\_micro-api-readonly\core</Filter>
    </ClInclude>
    <ClInclude Include="..\..\..\..\..\..\..\..\..\AppData\Local\arduino15\packages\arduino\hardware\sam\1.6.8\cores\arduino\wiring_digital.h">
      <Filter>src\_micro-api-readonly\core</Filter>
    </ClInclude>
    <ClInclude Include="..\..\..\..\..\..\..\..\..\AppData\Local\arduino15\packages\arduino\hardware\sam\1.6.8\cores\arduino\wiring_private.h">
      <Filter>src\_micro-api-readonly\core</Filter>
    </ClInclude>
    <ClInclude Include="..\..\..\..\..\..\..\..\..\AppData\Local\arduino15\packages\arduino\hardware\sam\1.6.8\cores\arduino\wiring_pulse.h">
      <Filter>src\_micro-api-readonly\core</Filter>
    </ClInclude>
    <ClInclude Include="..\..\..\..\..\..\..\..\..\AppData\Local\arduino15\packages\arduino\hardware\sam\1.6.8\cores\arduino\wiring_shift.h">
      <Filter>src\_micro-api-readonly\core</Filter>
    </ClInclude>
    <ClInclude Include="..\..\..\..\..\..\..\..\..\AppData\Local\arduino15\packages\arduino\hardware\sam\1.6.8\cores\arduino\WMath.h">
      <Filter>src\_micro-api-readonly\core</Filter>
    </ClInclude>
    <ClInclude Include="..\..\..\..\..\..\..\..\..\AppData\Local\arduino15\packages\arduino\hardware\sam\1.6.8\cores\arduino\WString.h">
      <Filter>src\_micro-api-readonly\core</Filter>
    </ClInclude>
    <ClInclude Include="..\..\..\..\..\..\..\..\..\AppData\Local\arduino15\packages\arduino\hardware\sam\1.6.8\cores\arduino\avr\dtostrf.h">
      <Filter>src\_micro-api-readonly\core\avr</Filter>
    </ClInclude>
    <ClInclude Include="..\..\..\..\..\..\..\..\..\AppData\Local\arduino15\packages\arduino\hardware\sam\1.6.8\cores\arduino\avr\interrupt.h">
      <Filter>src\_micro-api-readonly\core\avr</Filter>
    </ClInclude>
    <ClInclude Include="..\..\..\..\..\..\..\..\..\AppData\Local\arduino15\packages\arduino\hardware\sam\1.6.8\cores\arduino\avr\pgmspace.h">
      <Filter>src\_micro-api-readonly\core\avr</Filter>
    </ClInclude>
    <ClInclude Include="..\..\..\..\..\..\..\..\..\AppData\Local\arduino15\packages\arduino\hardware\sam\1.6.8\cores\arduino\USB\PluggableUSB.h">
      <Filter>src\_micro-api-readonly\core\USB</Filter>
    </ClInclude>
    <ClInclude Include="..\..\..\..\..\..\..\..\..\AppData\Local\arduino15\packages\arduino\hardware\sam\1.6.8\cores\arduino\USB\USBAPI.h">
      <Filter>src\_micro-api-readonly\core\USB</Filter>
    </ClInclude>
    <ClInclude Include="..\..\..\..\..\..\..\..\..\AppData\Local\arduino15\packages\arduino\hardware\sam\1.6.8\cores\arduino\USB\USBCore.h">
      <Filter>src\_micro-api-readonly\core\USB</Filter>
    </ClInclude>
    <ClInclude Include="..\..\..\..\..\..\..\..\..\AppData\Local\arduino15\packages\arduino\hardware\sam\1.6.8\cores\arduino\USB\USBDesc.h">
      <Filter>src\_micro-api-readonly\core\USB</Filter>
    </ClInclude>
    <ClInclude Include="..\..\..\..\..\..\..\..\..\AppData\Local\arduino15\packages\arduino\hardware\sam\1.6.8\variants\arduino_due_x\pins_arduino.h">
      <Filter>src\_micro-api-readonly\variants\arduino_due_x</Filter>
    </ClInclude>
    <ClInclude Include="..\..\..\..\..\..\..\..\..\AppData\Local\arduino15\packages\arduino\hardware\sam\1.6.8\variants\arduino_due_x\variant.h">
      <Filter>src\_micro-api-readonly\variants\arduino_due_x</Filter>
    </ClInclude>
    <ClInclude Include="..\..\..\..\..\..\..\..\AppData\Arduino\libraries\AutoDriver_Due\AutoDriver_Due.h">
      <Filter>src\_micro-api-readonly\libraries\AutoDriver_Due</Filter>
    </ClInclude>
    <ClInclude Include="..\..\..\..\..\..\..\..\AppData\Arduino\libraries\AutoDriver_Due\dSPINConstants_Due.h">
      <Filter>src\_micro-api-readonly\libraries\AutoDriver_Due</Filter>
    </ClInclude>
    <ClInclude Include="..\..\..\..\..\..\..\..\AppData\Arduino\libraries\LCD5110_Graph\LCD5110_Graph.h">
      <Filter>src\_micro-api-readonly\libraries\LCD5110_Graph</Filter>
    </ClInclude>
    <ClInclude Include="..\..\..\..\..\..\..\..\AppData\Arduino\libraries\Pixy\Pixy.h">
      <Filter>src\_micro-api-readonly\libraries\Pixy</Filter>
    </ClInclude>
    <ClInclude Include="..\..\..\..\..\..\..\..\AppData\Arduino\libraries\Pixy\PixyI2C.h">
      <Filter>src\_micro-api-readonly\libraries\Pixy</Filter>
    </ClInclude>
    <ClInclude Include="..\..\..\..\..\..\..\..\AppData\Arduino\libraries\Pixy\PixySPI_SS.h">
      <Filter>src\_micro-api-readonly\libraries\Pixy</Filter>
    </ClInclude>
    <ClInclude Include="..\..\..\..\..\..\..\..\AppData\Arduino\libraries\Pixy\PixyUART.h">
      <Filter>src\_micro-api-readonly\libraries\Pixy</Filter>
    </ClInclude>
    <ClInclude Include="..\..\..\..\..\..\..\..\AppData\Arduino\libraries\Pixy\TPixy.h">
      <Filter>src\_micro-api-readonly\libraries\Pixy</Filter>
    </ClInclude>
    <ClInclude Include="..\..\..\..\..\..\..\..\..\AppData\Local\arduino15\packages\arduino\hardware\sam\1.6.8\libraries\SPI\src\SPI.h">
      <Filter>src\_micro-api-readonly\libraries\SPI\src</Filter>
    </ClInclude>
    <ClInclude Include="..\..\..\..\..\..\..\..\AppData\Arduino\libraries\TinyEKF\TinyEKF.h">
      <Filter>src\_micro-api-readonly\libraries\TinyEKF</Filter>
    </ClInclude>
    <ClInclude Include="..\..\..\..\..\..\..\..\AppData\Arduino\libraries\TinyEKF\tiny_ekf.h">
      <Filter>src\_micro-api-readonly\libraries\TinyEKF</Filter>
    </ClInclude>
    <ClInclude Include="..\..\..\..\..\..\..\..\AppData\Arduino\libraries\TinyEKF\tiny_ekf_struct.h">
      <Filter>src\_micro-api-readonly\libraries\TinyEKF</Filter>
    </ClInclude>
    <ClInclude Include="..\..\..\..\..\..\..\..\..\AppData\Local\arduino15\packages\arduino\hardware\sam\1.6.8\libraries\Wire\src\Wire.h">
      <Filter>src\_micro-api-readonly\libraries\Wire\src</Filter>
    </ClInclude>
  </ItemGroup>
  <ItemGroup>
    <ClCompile Include="..\..\..\..\..\..\..\..\..\AppData\Local\arduino15\packages\arduino\hardware\sam\1.6.8\cores\arduino\abi.cpp">
      <Filter>src\_micro-api-readonly\core</Filter>
    </ClCompile>
    <ClCompile Include="..\..\..\..\..\..\..\..\..\AppData\Local\arduino15\packages\arduino\hardware\sam\1.6.8\cores\arduino\cortex_handlers.c">
      <Filter>src\_micro-api-readonly\core</Filter>
    </ClCompile>
    <ClCompile Include="..\..\..\..\..\..\..\..\..\AppData\Local\arduino15\packages\arduino\hardware\sam\1.6.8\cores\arduino\hooks.c">
      <Filter>src\_micro-api-readonly\core</Filter>
    </ClCompile>
    <ClCompile Include="..\..\..\..\..\..\..\..\..\AppData\Local\arduino15\packages\arduino\hardware\sam\1.6.8\cores\arduino\iar_calls_sam3.c">
      <Filter>src\_micro-api-readonly\core</Filter>
    </ClCompile>
    <ClCompile Include="..\..\..\..\..\..\..\..\..\AppData\Local\arduino15\packages\arduino\hardware\sam\1.6.8\cores\arduino\IPAddress.cpp">
      <Filter>src\_micro-api-readonly\core</Filter>
    </ClCompile>
    <ClCompile Include="..\..\..\..\..\..\..\..\..\AppData\Local\arduino15\packages\arduino\hardware\sam\1.6.8\cores\arduino\itoa.c">
      <Filter>src\_micro-api-readonly\core</Filter>
    </ClCompile>
    <ClCompile Include="..\..\..\..\..\..\..\..\..\AppData\Local\arduino15\packages\arduino\hardware\sam\1.6.8\cores\arduino\main.cpp">
      <Filter>src\_micro-api-readonly\core</Filter>
    </ClCompile>
    <ClCompile Include="..\..\..\..\..\..\..\..\..\AppData\Local\arduino15\packages\arduino\hardware\sam\1.6.8\cores\arduino\new.cpp">
      <Filter>src\_micro-api-readonly\core</Filter>
    </ClCompile>
    <ClCompile Include="..\..\..\..\..\..\..\..\..\AppData\Local\arduino15\packages\arduino\hardware\sam\1.6.8\cores\arduino\Print.cpp">
      <Filter>src\_micro-api-readonly\core</Filter>
    </ClCompile>
    <ClCompile Include="..\..\..\..\..\..\..\..\..\AppData\Local\arduino15\packages\arduino\hardware\sam\1.6.8\cores\arduino\Reset.cpp">
      <Filter>src\_micro-api-readonly\core</Filter>
    </ClCompile>
    <ClCompile Include="..\..\..\..\..\..\..\..\..\AppData\Local\arduino15\packages\arduino\hardware\sam\1.6.8\cores\arduino\RingBuffer.cpp">
      <Filter>src\_micro-api-readonly\core</Filter>
    </ClCompile>
    <ClCompile Include="..\..\..\..\..\..\..\..\..\AppData\Local\arduino15\packages\arduino\hardware\sam\1.6.8\cores\arduino\Stream.cpp">
      <Filter>src\_micro-api-readonly\core</Filter>
    </ClCompile>
    <ClCompile Include="..\..\..\..\..\..\..\..\..\AppData\Local\arduino15\packages\arduino\hardware\sam\1.6.8\cores\arduino\syscalls_sam3.c">
      <Filter>src\_micro-api-readonly\core</Filter>
    </ClCompile>
    <ClCompile Include="..\..\..\..\..\..\..\..\..\AppData\Local\arduino15\packages\arduino\hardware\sam\1.6.8\cores\arduino\UARTClass.cpp">
      <Filter>src\_micro-api-readonly\core</Filter>
    </ClCompile>
    <ClCompile Include="..\..\..\..\..\..\..\..\..\AppData\Local\arduino15\packages\arduino\hardware\sam\1.6.8\cores\arduino\USARTClass.cpp">
      <Filter>src\_micro-api-readonly\core</Filter>
    </ClCompile>
    <ClCompile Include="..\..\..\..\..\..\..\..\..\AppData\Local\arduino15\packages\arduino\hardware\sam\1.6.8\cores\arduino\watchdog.cpp">
      <Filter>src\_micro-api-readonly\core</Filter>
    </ClCompile>
    <ClCompile Include="..\..\..\..\..\..\..\..\..\AppData\Local\arduino15\packages\arduino\hardware\sam\1.6.8\cores\arduino\WInterrupts.c">
      <Filter>src\_micro-api-readonly\core</Filter>
    </ClCompile>
    <ClCompile Include="..\..\..\..\..\..\..\..\..\AppData\Local\arduino15\packages\arduino\hardware\sam\1.6.8\cores\arduino\wiring.c">
      <Filter>src\_micro-api-readonly\core</Filter>
    </ClCompile>
    <ClCompile Include="..\..\..\..\..\..\..\..\..\AppData\Local\arduino15\packages\arduino\hardware\sam\1.6.8\cores\arduino\wiring_analog.c">
      <Filter>src\_micro-api-readonly\core</Filter>
    </ClCompile>
    <ClCompile Include="..\..\..\..\..\..\..\..\..\AppData\Local\arduino15\packages\arduino\hardware\sam\1.6.8\cores\arduino\wiring_digital.c">
      <Filter>src\_micro-api-readonly\core</Filter>
    </ClCompile>
    <ClCompile Include="..\..\..\..\..\..\..\..\..\AppData\Local\arduino15\packages\arduino\hardware\sam\1.6.8\cores\arduino\wiring_pulse.cpp">
      <Filter>src\_micro-api-readonly\core</Filter>
    </ClCompile>
    <ClCompile Include="..\..\..\..\..\..\..\..\..\AppData\Local\arduino15\packages\arduino\hardware\sam\1.6.8\cores\arduino\wiring_shift.c">
      <Filter>src\_micro-api-readonly\core</Filter>
    </ClCompile>
    <ClCompile Include="..\..\..\..\..\..\..\..\..\AppData\Local\arduino15\packages\arduino\hardware\sam\1.6.8\cores\arduino\WMath.cpp">
      <Filter>src\_micro-api-readonly\core</Filter>
    </ClCompile>
    <ClCompile Include="..\..\..\..\..\..\..\..\..\AppData\Local\arduino15\packages\arduino\hardware\sam\1.6.8\cores\arduino\WString.cpp">
      <Filter>src\_micro-api-readonly\core</Filter>
    </ClCompile>
    <ClCompile Include="..\..\..\..\..\..\..\..\..\AppData\Local\arduino15\packages\arduino\hardware\sam\1.6.8\cores\arduino\avr\dtostrf.c">
      <Filter>src\_micro-api-readonly\core\avr</Filter>
    </ClCompile>
    <ClCompile Include="..\..\..\..\..\..\..\..\..\AppData\Local\arduino15\packages\arduino\hardware\sam\1.6.8\cores\arduino\USB\CDC.cpp">
      <Filter>src\_micro-api-readonly\core\USB</Filter>
    </ClCompile>
    <ClCompile Include="..\..\..\..\..\..\..\..\..\AppData\Local\arduino15\packages\arduino\hardware\sam\1.6.8\cores\arduino\USB\PluggableUSB.cpp">
      <Filter>src\_micro-api-readonly\core\USB</Filter>
    </ClCompile>
    <ClCompile Include="..\..\..\..\..\..\..\..\..\AppData\Local\arduino15\packages\arduino\hardware\sam\1.6.8\cores\arduino\USB\USBCore.cpp">
      <Filter>src\_micro-api-readonly\core\USB</Filter>
    </ClCompile>
    <ClCompile Include="..\..\..\..\..\..\..\..\AppData\Arduino\libraries\AutoDriver_Due\AutoDriverCommands_Due.cpp">
      <Filter>src\_micro-api-readonly\libraries\AutoDriver_Due</Filter>
    </ClCompile>
    <ClCompile Include="..\..\..\..\..\..\..\..\AppData\Arduino\libraries\AutoDriver_Due\AutoDriverConfig_Due.cpp">
      <Filter>src\_micro-api-readonly\libraries\AutoDriver_Due</Filter>
    </ClCompile>
    <ClCompile Include="..\..\..\..\..\..\..\..\AppData\Arduino\libraries\AutoDriver_Due\AutoDriverSupport_Due.cpp">
      <Filter>src\_micro-api-readonly\libraries\AutoDriver_Due</Filter>
    </ClCompile>
    <ClCompile Include="..\..\..\..\..\..\..\..\AppData\Arduino\libraries\AutoDriver_Due\AutoDriver_Due.cpp">
      <Filter>src\_micro-api-readonly\libraries\AutoDriver_Due</Filter>
    </ClCompile>
    <ClCompile Include="..\..\..\..\..\..\..\..\AppData\Arduino\libraries\LCD5110_Graph\DefaultFonts.c">
      <Filter>src\_micro-api-readonly\libraries\LCD5110_Graph</Filter>
    </ClCompile>
    <ClCompile Include="..\..\..\..\..\..\..\..\AppData\Arduino\libraries\LCD5110_Graph\LCD5110_Graph.cpp">
      <Filter>src\_micro-api-readonly\libraries\LCD5110_Graph</Filter>
    </ClCompile>
    <ClCompile Include="..\..\..\..\..\..\..\..\..\AppData\Local\arduino15\packages\arduino\hardware\sam\1.6.8\libraries\SPI\src\SPI.cpp">
      <Filter>src\_micro-api-readonly\libraries\SPI\src</Filter>
    </ClCompile>
    <ClCompile Include="..\..\..\..\..\..\..\..\AppData\Arduino\libraries\TinyEKF\tiny_ekf.c">
      <Filter>src\_micro-api-readonly\libraries\TinyEKF</Filter>
    </ClCompile>
    <ClCompile Include="..\..\..\..\..\..\..\..\..\AppData\Local\arduino15\packages\arduino\hardware\sam\1.6.8\libraries\Wire\src\Wire.cpp">
      <Filter>src\_micro-api-readonly\libraries\Wire\src</Filter>
    </ClCompile>
  </ItemGroup>
</Project>