<?xml version="1.0" encoding="utf-8"?>
<Project ToolsVersion="4.0" xmlns="http://schemas.microsoft.com/developer/msbuild/2003">
  <ItemGroup>
    <Filter Include="Source Files">
      <UniqueIdentifier>{4FC737F1-C7A5-4376-A066-2A32D752A2FF}</UniqueIdentifier>
      <Extensions>cpp;c;cc;cxx;def;odl;idl;hpj;bat;asm;asmx</Extensions>
    </Filter>
    <Filter Include="Header Files">
      <UniqueIdentifier>{93995380-89BD-4b04-88EB-625FBE52EBFB}</UniqueIdentifier>
      <Extensions>h;hh;hpp;hxx;hm;inl;inc;xsd</Extensions>
    </Filter>
    <Filter Include="Resource Files">
      <UniqueIdentifier>{67DA6AB6-F800-4c08-8B7A-83BB121AAD01}</UniqueIdentifier>
      <Extensions>rc;ico;cur;bmp;dlg;rc2;rct;bin;rgs;gif;jpg;jpeg;jpe;resx;tiff;tif;png;wav;mfcribbon-ms</Extensions>
    </Filter>
    <Filter Include="src">
      <UniqueIdentifier>{f768f0f0-9fa6-4040-ab0c-f968cc7cb3ee}</UniqueIdentifier>
    </Filter>
    <Filter Include="src\_micro-api-readonly">
      <UniqueIdentifier>{a6419d48-22a0-4d5a-892b-4ac0dd85c0f1}</UniqueIdentifier>
    </Filter>
    <Filter Include="src\_micro-api-readonly\core">
      <UniqueIdentifier>{25259831-37d2-455a-9839-e49a400b5363}</UniqueIdentifier>
    </Filter>
    <Filter Include="src\_micro-api-readonly\variants">
      <UniqueIdentifier>{8ff39119-faf3-4ad1-bb61-f46db1e02057}</UniqueIdentifier>
    </Filter>
    <Filter Include="src\_micro-api-readonly\variants\arduino_due_x">
      <UniqueIdentifier>{2886cb4d-ddda-41d1-a6ca-faee88a8d628}</UniqueIdentifier>
    </Filter>
    <Filter Include="src\_micro-api-readonly\core\avr">
      <UniqueIdentifier>{fa157f29-9dc3-4014-8281-43ba740967d3}</UniqueIdentifier>
    </Filter>
    <Filter Include="src\_micro-api-readonly\core\USB">
      <UniqueIdentifier>{204cd1ee-839f-4d58-8661-9d58ad0f371a}</UniqueIdentifier>
    </Filter>
    <Filter Include="src\_micro-api-readonly\libraries">
      <UniqueIdentifier>{839096a0-cb6f-4050-a61a-1587ece0f2ed}</UniqueIdentifier>
    </Filter>
    <Filter Include="src\_micro-api-readonly\libraries\AutoDriver_Due">
      <UniqueIdentifier>{48d2a7e3-e8e6-4f57-bdae-358b66d49152}</UniqueIdentifier>
    </Filter>
    <Filter Include="src\_micro-api-readonly\libraries\LCD5110_Graph">
      <UniqueIdentifier>{ae2cc8c0-fe75-4d20-8029-c184b76f1482}</UniqueIdentifier>
    </Filter>
    <Filter Include="src\_micro-api-readonly\libraries\Pixy">
      <UniqueIdentifier>{44caa0d5-9bb8-4816-ab35-03e1e69ce9ba}</UniqueIdentifier>
    </Filter>
    <Filter Include="src\_micro-api-readonly\libraries\SPI">
      <UniqueIdentifier>{ea1a9bf1-2048-4589-879e-9f9e84064fb4}</UniqueIdentifier>
    </Filter>
    <Filter Include="src\_micro-api-readonly\libraries\SPI\examples">
      <UniqueIdentifier>{74abeda2-e921-4777-84de-5ecba12dedf5}</UniqueIdentifier>
    </Filter>
    <Filter Include="src\_micro-api-readonly\libraries\SPI\examples\BarometricPressureSensor">
      <UniqueIdentifier>{eacfbe97-23cc-47e6-a7d8-c0e98f10e0f7}</UniqueIdentifier>
    </Filter>
    <Filter Include="src\_micro-api-readonly\libraries\SPI\examples\DigitalPotControl">
      <UniqueIdentifier>{82df6a71-c998-4706-bc42-9764bff248bb}</UniqueIdentifier>
    </Filter>
    <Filter Include="src\_micro-api-readonly\libraries\SPI\src">
      <UniqueIdentifier>{20380f52-de1e-49ea-995c-0478de98bd3e}</UniqueIdentifier>
    </Filter>
    <Filter Include="src\_micro-api-readonly\libraries\TinyEKF">
      <UniqueIdentifier>{7099967d-7964-4840-8332-1acbf181d46c}</UniqueIdentifier>
    </Filter>
    <Filter Include="src\_micro-api-readonly\libraries\Wire">
      <UniqueIdentifier>{ac883917-fa41-4ef0-85e8-08373656d39f}</UniqueIdentifier>
    </Filter>
    <Filter Include="src\_micro-api-readonly\libraries\Wire\examples">
      <UniqueIdentifier>{a5c31f66-c38f-4d8e-949d-f4881ef52a96}</UniqueIdentifier>
    </Filter>
    <Filter Include="src\_micro-api-readonly\libraries\Wire\examples\digital_potentiometer">
      <UniqueIdentifier>{4f00c20a-d0a4-48ca-88f0-fb9b5344d544}</UniqueIdentifier>
    </Filter>
    <Filter Include="src\_micro-api-readonly\libraries\Wire\examples\master_reader">
      <UniqueIdentifier>{5766fac0-1ede-43d1-881b-9ed3dc648791}</UniqueIdentifier>
    </Filter>
    <Filter Include="src\_micro-api-readonly\libraries\Wire\examples\master_writer">
      <UniqueIdentifier>{fb754154-44ec-45ef-b698-156f5ec9ba65}</UniqueIdentifier>
    </Filter>
    <Filter Include="src\_micro-api-readonly\libraries\Wire\examples\SFRRanger_reader">
      <UniqueIdentifier>{0b18a66f-7b10-44b8-9ed9-2147be5132a4}</UniqueIdentifier>
    </Filter>
    <Filter Include="src\_micro-api-readonly\libraries\Wire\examples\slave_receiver">
      <UniqueIdentifier>{932d4380-d031-400b-a853-aa7ba061a9c3}</UniqueIdentifier>
    </Filter>
    <Filter Include="src\_micro-api-readonly\libraries\Wire\examples\slave_sender">
      <UniqueIdentifier>{f48d4122-cbb1-496a-af44-4a8f4ffdb1dc}</UniqueIdentifier>
    </Filter>
    <Filter Include="src\_micro-api-readonly\libraries\Wire\src">
      <UniqueIdentifier>{395e1143-b263-41d1-9507-69d650a87c53}</UniqueIdentifier>
    </Filter>
  </ItemGroup>
  <ItemGroup>
    <None Include="FeederDue.ino" />
    <None Include="..\..\..\..\..\..\..\..\..\AppData\Local\arduino15\packages\arduino\hardware\sam\1.6.8\cores\arduino\wiring_pulse_asm.S">
      <Filter>src\_micro-api-readonly\core</Filter>
    </None>
  </ItemGroup>
  <ItemGroup>
    <ClInclude Include="__vm\.FeederDue.vsarduino.h">
      <Filter>Header Files</Filter>
    </ClInclude>
    <ClInclude Include="..\..\..\..\..\..\..\..\..\AppData\Local\arduino15\packages\arduino\hardware\sam\1.6.8\cores\arduino\Arduino.h">
      <Filter>src\_micro-api-readonly\core</Filter>
    </ClInclude>
    <ClInclude Include="..\..\..\..\..\..\..\..\..\AppData\Local\arduino15\packages\arduino\hardware\sam\1.6.8\cores\arduino\binary.h">
      <Filter>src\_micro-api-readonly\core</Filter>
    </ClInclude>
    <ClInclude Include="..\..\..\..\..\..\..\..\..\AppData\Local\arduino15\packages\arduino\hardware\sam\1.6.8\cores\arduino\Client.h">
      <Filter>src\_micro-api-readonly\core</Filter>
    </ClInclude>
    <ClInclude Include="..\..\..\..\..\..\..\..\..\AppData\Local\arduino15\packages\arduino\hardware\sam\1.6.8\cores\arduino\HardwareSerial.h">
      <Filter>src\_micro-api-readonly\core</Filter>
    </ClInclude>
    <ClInclude Include="..\..\..\..\..\..\..\..\..\AppData\Local\arduino15\packages\arduino\hardware\sam\1.6.8\cores\arduino\IPAddress.h">
      <Filter>src\_micro-api-readonly\core</Filter>
    </ClInclude>
    <ClInclude Include="..\..\..\..\..\..\..\..\..\AppData\Local\arduino15\packages\arduino\hardware\sam\1.6.8\cores\arduino\itoa.h">
      <Filter>src\_micro-api-readonly\core</Filter>
    </ClInclude>
    <ClInclude Include="..\..\..\..\..\..\..\..\..\AppData\Local\arduino15\packages\arduino\hardware\sam\1.6.8\cores\arduino\Print.h">
      <Filter>src\_micro-api-readonly\core</Filter>
    </ClInclude>
    <ClInclude Include="..\..\..\..\..\..\..\..\..\AppData\Local\arduino15\packages\arduino\hardware\sam\1.6.8\cores\arduino\Printable.h">
      <Filter>src\_micro-api-readonly\core</Filter>
    </ClInclude>
    <ClInclude Include="..\..\..\..\..\..\..\..\..\AppData\Local\arduino15\packages\arduino\hardware\sam\1.6.8\cores\arduino\Reset.h">
      <Filter>src\_micro-api-readonly\core</Filter>
    </ClInclude>
    <ClInclude Include="..\..\..\..\..\..\..\..\..\AppData\Local\arduino15\packages\arduino\hardware\sam\1.6.8\cores\arduino\RingBuffer.h">
      <Filter>src\_micro-api-readonly\core</Filter>
    </ClInclude>
    <ClInclude Include="..\..\..\..\..\..\..\..\..\AppData\Local\arduino15\packages\arduino\hardware\sam\1.6.8\cores\arduino\Server.h">
      <Filter>src\_micro-api-readonly\core</Filter>
    </ClInclude>
    <ClInclude Include="..\..\..\..\..\..\..\..\..\AppData\Local\arduino15\packages\arduino\hardware\sam\1.6.8\cores\arduino\Stream.h">
      <Filter>src\_micro-api-readonly\core</Filter>
    </ClInclude>
    <ClInclude Include="..\..\..\..\..\..\..\..\..\AppData\Local\arduino15\packages\arduino\hardware\sam\1.6.8\cores\arduino\syscalls.h">
      <Filter>src\_micro-api-readonly\core</Filter>
    </ClInclude>
    <ClInclude Include="..\..\..\..\..\..\..\..\..\AppData\Local\arduino15\packages\arduino\hardware\sam\1.6.8\cores\arduino\Tone.h">
      <Filter>src\_micro-api-readonly\core</Filter>
    </ClInclude>
    <ClInclude Include="..\..\..\..\..\..\..\..\..\AppData\Local\arduino15\packages\arduino\hardware\sam\1.6.8\cores\arduino\UARTClass.h">
      <Filter>src\_micro-api-readonly\core</Filter>
    </ClInclude>
    <ClInclude Include="..\..\..\..\..\..\..\..\..\AppData\Local\arduino15\packages\arduino\hardware\sam\1.6.8\cores\arduino\Udp.h">
      <Filter>src\_micro-api-readonly\core</Filter>
    </ClInclude>
    <ClInclude Include="..\..\..\..\..\..\..\..\..\AppData\Local\arduino15\packages\arduino\hardware\sam\1.6.8\cores\arduino\USARTClass.h">
      <Filter>src\_micro-api-readonly\core</Filter>
    </ClInclude>
    <ClInclude Include="..\..\..\..\..\..\..\..\..\AppData\Local\arduino15\packages\arduino\hardware\sam\1.6.8\cores\arduino\watchdog.h">
      <Filter>src\_micro-api-readonly\core</Filter>
    </ClInclude>
    <ClInclude Include="..\..\..\..\..\..\..\..\..\AppData\Local\arduino15\packages\arduino\hardware\sam\1.6.8\cores\arduino\WCharacter.h">
      <Filter>src\_micro-api-readonly\core</Filter>
    </ClInclude>
    <ClInclude Include="..\..\..\..\..\..\..\..\..\AppData\Local\arduino15\packages\arduino\hardware\sam\1.6.8\cores\arduino\WInterrupts.h">
      <Filter>src\_micro-api-readonly\core</Filter>
    </ClInclude>
    <ClInclude Include="..\..\..\..\..\..\..\..\..\AppData\Local\arduino15\packages\arduino\hardware\sam\1.6.8\cores\arduino\wiring.h">
      <Filter>src\_micro-api-readonly\core</Filter>
    </ClInclude>
    <ClInclude Include="..\..\..\..\..\..\..\..\..\AppData\Local\arduino15\packages\arduino\hardware\sam\1.6.8\cores\arduino\wiring_analog.h">
      <Filter>src\_micro-api-readonly\core</Filter>
    </ClInclude>
    <ClInclude Include="..\..\..\..\..\..\..\..\..\AppData\Local\arduino15\packages\arduino\hardware\sam\1.6.8\cores\arduino\wiring_constants.h">
      <Filter>src\_micro-api-readonly\core</Filter>
    </ClInclude>
    <ClInclude Include="..\..\..\..\..\..\..\..\..\AppData\Local\arduino15\packages\arduino\hardware\sam\1.6.8\cores\arduino\wiring_digital.h">
      <Filter>src\_micro-api-readonly\core</Filter>
    </ClInclude>
    <ClInclude Include="..\..\..\..\..\..\..\..\..\AppData\Local\arduino15\packages\arduino\hardware\sam\1.6.8\cores\arduino\wiring_private.h">
      <Filter>src\_micro-api-readonly\core</Filter>
    </ClInclude>
    <ClInclude Include="..\..\..\..\..\..\..\..\..\AppData\Local\arduino15\packages\arduino\hardware\sam\1.6.8\cores\arduino\wiring_pulse.h">
      <Filter>src\_micro-api-readonly\core</Filter>
    </ClInclude>
    <ClInclude Include="..\..\..\..\..\..\..\..\..\AppData\Local\arduino15\packages\arduino\hardware\sam\1.6.8\cores\arduino\wiring_shift.h">
      <Filter>src\_micro-api-readonly\core</Filter>
    </ClInclude>
    <ClInclude Include="..\..\..\..\..\..\..\..\..\AppData\Local\arduino15\packages\arduino\hardware\sam\1.6.8\cores\arduino\WMath.h">
      <Filter>src\_micro-api-readonly\core</Filter>
    </ClInclude>
    <ClInclude Include="..\..\..\..\..\..\..\..\..\AppData\Local\arduino15\packages\arduino\hardware\sam\1.6.8\cores\arduino\WString.h">
      <Filter>src\_micro-api-readonly\core</Filter>
    </ClInclude>
    <ClInclude Include="..\..\..\..\..\..\..\..\..\AppData\Local\arduino15\packages\arduino\hardware\sam\1.6.8\cores\arduino\avr\dtostrf.h">
      <Filter>src\_micro-api-readonly\core\avr</Filter>
    </ClInclude>
    <ClInclude Include="..\..\..\..\..\..\..\..\..\AppData\Local\arduino15\packages\arduino\hardware\sam\1.6.8\cores\arduino\avr\interrupt.h">
      <Filter>src\_micro-api-readonly\core\avr</Filter>
    </ClInclude>
    <ClInclude Include="..\..\..\..\..\..\..\..\..\AppData\Local\arduino15\packages\arduino\hardware\sam\1.6.8\cores\arduino\avr\pgmspace.h">
      <Filter>src\_micro-api-readonly\core\avr</Filter>
    </ClInclude>
    <ClInclude Include="..\..\..\..\..\..\..\..\..\AppData\Local\arduino15\packages\arduino\hardware\sam\1.6.8\cores\arduino\USB\PluggableUSB.h">
      <Filter>src\_micro-api-readonly\core\USB</Filter>
    </ClInclude>
    <ClInclude Include="..\..\..\..\..\..\..\..\..\AppData\Local\arduino15\packages\arduino\hardware\sam\1.6.8\cores\arduino\USB\USBAPI.h">
      <Filter>src\_micro-api-readonly\core\USB</Filter>
    </ClInclude>
    <ClInclude Include="..\..\..\..\..\..\..\..\..\AppData\Local\arduino15\packages\arduino\hardware\sam\1.6.8\cores\arduino\USB\USBCore.h">
      <Filter>src\_micro-api-readonly\core\USB</Filter>
    </ClInclude>
    <ClInclude Include="..\..\..\..\..\..\..\..\..\AppData\Local\arduino15\packages\arduino\hardware\sam\1.6.8\cores\arduino\USB\USBDesc.h">
      <Filter>src\_micro-api-readonly\core\USB</Filter>
    </ClInclude>
    <ClInclude Include="..\..\..\..\..\..\..\..\..\AppData\Local\arduino15\packages\arduino\hardware\sam\1.6.8\variants\arduino_due_x\pins_arduino.h">
      <Filter>src\_micro-api-readonly\variants\arduino_due_x</Filter>
    </ClInclude>
    <ClInclude Include="..\..\..\..\..\..\..\..\..\AppData\Local\arduino15\packages\arduino\hardware\sam\1.6.8\variants\arduino_due_x\variant.h">
      <Filter>src\_micro-api-readonly\variants\arduino_due_x</Filter>
    </ClInclude>
    <ClInclude Include="..\..\..\..\..\..\..\..\AppData\Arduino\libraries\AutoDriver_Due\AutoDriver_Due.h">
      <Filter>src\_micro-api-readonly\libraries\AutoDriver_Due</Filter>
    </ClInclude>
    <ClInclude Include="..\..\..\..\..\..\..\..\AppData\Arduino\libraries\AutoDriver_Due\dSPINConstants_Due.h">
      <Filter>src\_micro-api-readonly\libraries\AutoDriver_Due</Filter>
    </ClInclude>
    <ClInclude Include="..\..\..\..\..\..\..\..\AppData\Arduino\libraries\LCD5110_Graph\LCD5110_Graph.h">
      <Filter>src\_micro-api-readonly\libraries\LCD5110_Graph</Filter>
    </ClInclude>
    <ClInclude Include="..\..\..\..\..\..\..\..\AppData\Arduino\libraries\Pixy\Pixy.h">
      <Filter>src\_micro-api-readonly\libraries\Pixy</Filter>
    </ClInclude>
    <ClInclude Include="..\..\..\..\..\..\..\..\AppData\Arduino\libraries\Pixy\PixyI2C.h">
      <Filter>src\_micro-api-readonly\libraries\Pixy</Filter>
    </ClInclude>
    <ClInclude Include="..\..\..\..\..\..\..\..\AppData\Arduino\libraries\Pixy\PixySPI_SS.h">
      <Filter>src\_micro-api-readonly\libraries\Pixy</Filter>
    </ClInclude>
    <ClInclude Include="..\..\..\..\..\..\..\..\AppData\Arduino\libraries\Pixy\PixyUART.h">
      <Filter>src\_micro-api-readonly\libraries\Pixy</Filter>
    </ClInclude>
    <ClInclude Include="..\..\..\..\..\..\..\..\AppData\Arduino\libraries\Pixy\TPixy.h">
      <Filter>src\_micro-api-readonly\libraries\Pixy</Filter>
    </ClInclude>
    <ClInclude Include="..\..\..\..\..\..\..\..\..\AppData\Local\arduino15\packages\arduino\hardware\sam\1.6.8\libraries\SPI\src\SPI.h">
      <Filter>src\_micro-api-readonly\libraries\SPI\src</Filter>
    </ClInclude>
    <ClInclude Include="..\..\..\..\..\..\..\..\AppData\Arduino\libraries\TinyEKF\TinyEKF.h">
      <Filter>src\_micro-api-readonly\libraries\TinyEKF</Filter>
    </ClInclude>
    <ClInclude Include="..\..\..\..\..\..\..\..\AppData\Arduino\libraries\TinyEKF\tiny_ekf.h">
      <Filter>src\_micro-api-readonly\libraries\TinyEKF</Filter>
    </ClInclude>
    <ClInclude Include="..\..\..\..\..\..\..\..\AppData\Arduino\libraries\TinyEKF\tiny_ekf_struct.h">
      <Filter>src\_micro-api-readonly\libraries\TinyEKF</Filter>
    </ClInclude>
    <ClInclude Include="..\..\..\..\..\..\..\..\..\AppData\Local\arduino15\packages\arduino\hardware\sam\1.6.8\libraries\Wire\src\Wire.h">
      <Filter>src\_micro-api-readonly\libraries\Wire\src</Filter>
    </ClInclude>
  </ItemGroup>
  <ItemGroup>
    <ClCompile Include="..\..\..\..\..\..\..\..\..\AppData\Local\arduino15\packages\arduino\hardware\sam\1.6.8\cores\arduino\abi.cpp">
      <Filter>src\_micro-api-readonly\core</Filter>
    </ClCompile>
    <ClCompile Include="..\..\..\..\..\..\..\..\..\AppData\Local\arduino15\packages\arduino\hardware\sam\1.6.8\cores\arduino\cortex_handlers.c">
      <Filter>src\_micro-api-readonly\core</Filter>
    </ClCompile>
    <ClCompile Include="..\..\..\..\..\..\..\..\..\AppData\Local\arduino15\packages\arduino\hardware\sam\1.6.8\cores\arduino\hooks.c">
      <Filter>src\_micro-api-readonly\core</Filter>
    </ClCompile>
    <ClCompile Include="..\..\..\..\..\..\..\..\..\AppData\Local\arduino15\packages\arduino\hardware\sam\1.6.8\cores\arduino\iar_calls_sam3.c">
      <Filter>src\_micro-api-readonly\core</Filter>
    </ClCompile>
    <ClCompile Include="..\..\..\..\..\..\..\..\..\AppData\Local\arduino15\packages\arduino\hardware\sam\1.6.8\cores\arduino\IPAddress.cpp">
      <Filter>src\_micro-api-readonly\core</Filter>
    </ClCompile>
    <ClCompile Include="..\..\..\..\..\..\..\..\..\AppData\Local\arduino15\packages\arduino\hardware\sam\1.6.8\cores\arduino\itoa.c">
      <Filter>src\_micro-api-readonly\core</Filter>
    </ClCompile>
    <ClCompile Include="..\..\..\..\..\..\..\..\..\AppData\Local\arduino15\packages\arduino\hardware\sam\1.6.8\cores\arduino\main.cpp">
      <Filter>src\_micro-api-readonly\core</Filter>
    </ClCompile>
    <ClCompile Include="..\..\..\..\..\..\..\..\..\AppData\Local\arduino15\packages\arduino\hardware\sam\1.6.8\cores\arduino\new.cpp">
      <Filter>src\_micro-api-readonly\core</Filter>
    </ClCompile>
    <ClCompile Include="..\..\..\..\..\..\..\..\..\AppData\Local\arduino15\packages\arduino\hardware\sam\1.6.8\cores\arduino\Print.cpp">
      <Filter>src\_micro-api-readonly\core</Filter>
    </ClCompile>
    <ClCompile Include="..\..\..\..\..\..\..\..\..\AppData\Local\arduino15\packages\arduino\hardware\sam\1.6.8\cores\arduino\Reset.cpp">
      <Filter>src\_micro-api-readonly\core</Filter>
    </ClCompile>
    <ClCompile Include="..\..\..\..\..\..\..\..\..\AppData\Local\arduino15\packages\arduino\hardware\sam\1.6.8\cores\arduino\RingBuffer.cpp">
      <Filter>src\_micro-api-readonly\core</Filter>
    </ClCompile>
    <ClCompile Include="..\..\..\..\..\..\..\..\..\AppData\Local\arduino15\packages\arduino\hardware\sam\1.6.8\cores\arduino\Stream.cpp">
      <Filter>src\_micro-api-readonly\core</Filter>
    </ClCompile>
    <ClCompile Include="..\..\..\..\..\..\..\..\..\AppData\Local\arduino15\packages\arduino\hardware\sam\1.6.8\cores\arduino\syscalls_sam3.c">
      <Filter>src\_micro-api-readonly\core</Filter>
    </ClCompile>
    <ClCompile Include="..\..\..\..\..\..\..\..\..\AppData\Local\arduino15\packages\arduino\hardware\sam\1.6.8\cores\arduino\UARTClass.cpp">
      <Filter>src\_micro-api-readonly\core</Filter>
    </ClCompile>
    <ClCompile Include="..\..\..\..\..\..\..\..\..\AppData\Local\arduino15\packages\arduino\hardware\sam\1.6.8\cores\arduino\USARTClass.cpp">
      <Filter>src\_micro-api-readonly\core</Filter>
    </ClCompile>
    <ClCompile Include="..\..\..\..\..\..\..\..\..\AppData\Local\arduino15\packages\arduino\hardware\sam\1.6.8\cores\arduino\watchdog.cpp">
      <Filter>src\_micro-api-readonly\core</Filter>
    </ClCompile>
    <ClCompile Include="..\..\..\..\..\..\..\..\..\AppData\Local\arduino15\packages\arduino\hardware\sam\1.6.8\cores\arduino\WInterrupts.c">
      <Filter>src\_micro-api-readonly\core</Filter>
    </ClCompile>
    <ClCompile Include="..\..\..\..\..\..\..\..\..\AppData\Local\arduino15\packages\arduino\hardware\sam\1.6.8\cores\arduino\wiring.c">
      <Filter>src\_micro-api-readonly\core</Filter>
    </ClCompile>
    <ClCompile Include="..\..\..\..\..\..\..\..\..\AppData\Local\arduino15\packages\arduino\hardware\sam\1.6.8\cores\arduino\wiring_analog.c">
      <Filter>src\_micro-api-readonly\core</Filter>
    </ClCompile>
    <ClCompile Include="..\..\..\..\..\..\..\..\..\AppData\Local\arduino15\packages\arduino\hardware\sam\1.6.8\cores\arduino\wiring_digital.c">
      <Filter>src\_micro-api-readonly\core</Filter>
    </ClCompile>
    <ClCompile Include="..\..\..\..\..\..\..\..\..\AppData\Local\arduino15\packages\arduino\hardware\sam\1.6.8\cores\arduino\wiring_pulse.cpp">
      <Filter>src\_micro-api-readonly\core</Filter>
    </ClCompile>
    <ClCompile Include="..\..\..\..\..\..\..\..\..\AppData\Local\arduino15\packages\arduino\hardware\sam\1.6.8\cores\arduino\wiring_shift.c">
      <Filter>src\_micro-api-readonly\core</Filter>
    </ClCompile>
    <ClCompile Include="..\..\..\..\..\..\..\..\..\AppData\Local\arduino15\packages\arduino\hardware\sam\1.6.8\cores\arduino\WMath.cpp">
      <Filter>src\_micro-api-readonly\core</Filter>
    </ClCompile>
    <ClCompile Include="..\..\..\..\..\..\..\..\..\AppData\Local\arduino15\packages\arduino\hardware\sam\1.6.8\cores\arduino\WString.cpp">
      <Filter>src\_micro-api-readonly\core</Filter>
    </ClCompile>
    <ClCompile Include="..\..\..\..\..\..\..\..\..\AppData\Local\arduino15\packages\arduino\hardware\sam\1.6.8\cores\arduino\avr\dtostrf.c">
      <Filter>src\_micro-api-readonly\core\avr</Filter>
    </ClCompile>
    <ClCompile Include="..\..\..\..\..\..\..\..\..\AppData\Local\arduino15\packages\arduino\hardware\sam\1.6.8\cores\arduino\USB\CDC.cpp">
      <Filter>src\_micro-api-readonly\core\USB</Filter>
    </ClCompile>
    <ClCompile Include="..\..\..\..\..\..\..\..\..\AppData\Local\arduino15\packages\arduino\hardware\sam\1.6.8\cores\arduino\USB\PluggableUSB.cpp">
      <Filter>src\_micro-api-readonly\core\USB</Filter>
    </ClCompile>
    <ClCompile Include="..\..\..\..\..\..\..\..\..\AppData\Local\arduino15\packages\arduino\hardware\sam\1.6.8\cores\arduino\USB\USBCore.cpp">
      <Filter>src\_micro-api-readonly\core\USB</Filter>
    </ClCompile>
    <ClCompile Include="..\..\..\..\..\..\..\..\AppData\Arduino\libraries\AutoDriver_Due\AutoDriverCommands_Due.cpp">
      <Filter>src\_micro-api-readonly\libraries\AutoDriver_Due</Filter>
    </ClCompile>
    <ClCompile Include="..\..\..\..\..\..\..\..\AppData\Arduino\libraries\AutoDriver_Due\AutoDriverConfig_Due.cpp">
      <Filter>src\_micro-api-readonly\libraries\AutoDriver_Due</Filter>
    </ClCompile>
    <ClCompile Include="..\..\..\..\..\..\..\..\AppData\Arduino\libraries\AutoDriver_Due\AutoDriverSupport_Due.cpp">
      <Filter>src\_micro-api-readonly\libraries\AutoDriver_Due</Filter>
    </ClCompile>
    <ClCompile Include="..\..\..\..\..\..\..\..\AppData\Arduino\libraries\AutoDriver_Due\AutoDriver_Due.cpp">
      <Filter>src\_micro-api-readonly\libraries\AutoDriver_Due</Filter>
    </ClCompile>
    <ClCompile Include="..\..\..\..\..\..\..\..\AppData\Arduino\libraries\LCD5110_Graph\DefaultFonts.c">
      <Filter>src\_micro-api-readonly\libraries\LCD5110_Graph</Filter>
    </ClCompile>
    <ClCompile Include="..\..\..\..\..\..\..\..\AppData\Arduino\libraries\LCD5110_Graph\LCD5110_Graph.cpp">
      <Filter>src\_micro-api-readonly\libraries\LCD5110_Graph</Filter>
    </ClCompile>
    <ClCompile Include="..\..\..\..\..\..\..\..\..\AppData\Local\arduino15\packages\arduino\hardware\sam\1.6.8\libraries\SPI\src\SPI.cpp">
      <Filter>src\_micro-api-readonly\libraries\SPI\src</Filter>
    </ClCompile>
    <ClCompile Include="..\..\..\..\..\..\..\..\AppData\Arduino\libraries\TinyEKF\tiny_ekf.c">
      <Filter>src\_micro-api-readonly\libraries\TinyEKF</Filter>
    </ClCompile>
    <ClCompile Include="..\..\..\..\..\..\..\..\..\AppData\Local\arduino15\packages\arduino\hardware\sam\1.6.8\libraries\Wire\src\Wire.cpp">
      <Filter>src\_micro-api-readonly\libraries\Wire\src</Filter>
    </ClCompile>
  </ItemGroup>
</Project>