<?xml version="1.0" encoding="utf-8"?>
<Project ToolsVersion="4.0" xmlns="http://schemas.microsoft.com/developer/msbuild/2003">
  <ItemGroup>
    <Filter Include="Source Files">
      <UniqueIdentifier>{4FC737F1-C7A5-4376-A066-2A32D752A2FF}</UniqueIdentifier>
      <Extensions>cpp;c;cc;cxx;def;odl;idl;hpj;bat;asm;asmx</Extensions>
    </Filter>
    <Filter Include="Header Files">
      <UniqueIdentifier>{93995380-89BD-4b04-88EB-625FBE52EBFB}</UniqueIdentifier>
      <Extensions>h;hh;hpp;hxx;hm;inl;inc;xsd</Extensions>
    </Filter>
    <Filter Include="Resource Files">
      <UniqueIdentifier>{67DA6AB6-F800-4c08-8B7A-83BB121AAD01}</UniqueIdentifier>
      <Extensions>rc;ico;cur;bmp;dlg;rc2;rct;bin;rgs;gif;jpg;jpeg;jpe;resx;tiff;tif;png;wav;mfcribbon-ms</Extensions>
    </Filter>
    <Filter Include="src">
      <UniqueIdentifier>{47ec8e40-ceb1-4c85-affa-5ec81709a993}</UniqueIdentifier>
    </Filter>
    <Filter Include="src\_micro-api-readonly">
      <UniqueIdentifier>{f36e733e-39d0-4f70-8b6d-23f790939df5}</UniqueIdentifier>
    </Filter>
    <Filter Include="src\_micro-api-readonly\core">
      <UniqueIdentifier>{d4996b52-b924-4c11-b096-09b41a227797}</UniqueIdentifier>
    </Filter>
    <Filter Include="src\_micro-api-readonly\variants">
      <UniqueIdentifier>{12460642-f4b5-4cd6-876c-2ac7d3081583}</UniqueIdentifier>
    </Filter>
    <Filter Include="src\_micro-api-readonly\variants\arduino_due_x">
      <UniqueIdentifier>{19718c4a-0b9f-43f9-94e7-d1a1f709c2b5}</UniqueIdentifier>
    </Filter>
    <Filter Include="src\_micro-api-readonly\core\avr">
      <UniqueIdentifier>{3cfb8499-fc48-4ede-bc6b-9e1b4d5aafc6}</UniqueIdentifier>
    </Filter>
    <Filter Include="src\_micro-api-readonly\core\USB">
      <UniqueIdentifier>{4530d879-dd9e-44bb-a512-47e9fdcbb4ee}</UniqueIdentifier>
    </Filter>
    <Filter Include="src\_micro-api-readonly\libraries">
      <UniqueIdentifier>{f060098e-99fe-4645-99e2-d821fec0fc1d}</UniqueIdentifier>
    </Filter>
    <Filter Include="src\_micro-api-readonly\libraries\Arduino-MemoryFree">
      <UniqueIdentifier>{48f0b022-d81a-4def-a3ce-aec993cb427c}</UniqueIdentifier>
    </Filter>
    <Filter Include="src\_micro-api-readonly\libraries\AutoDriver_Due">
      <UniqueIdentifier>{e7268b1c-bae7-4a07-b0eb-b57d83d8fd78}</UniqueIdentifier>
    </Filter>
    <Filter Include="src\_micro-api-readonly\libraries\LCD5110_Graph">
      <UniqueIdentifier>{4af8e575-8d4f-49a8-b86f-6301488fa4a2}</UniqueIdentifier>
    </Filter>
    <Filter Include="src\_micro-api-readonly\libraries\Pixy">
      <UniqueIdentifier>{41c86d6d-9ab3-40f1-a2ce-4f2b1dd4e8fd}</UniqueIdentifier>
    </Filter>
    <Filter Include="src\_micro-api-readonly\libraries\SPI">
      <UniqueIdentifier>{c6855cc1-2df4-4472-b911-98a46657bd88}</UniqueIdentifier>
    </Filter>
    <Filter Include="src\_micro-api-readonly\libraries\SPI\examples">
      <UniqueIdentifier>{b2c8f90b-4d2e-4bca-9e04-cce24c0b7ab1}</UniqueIdentifier>
    </Filter>
    <Filter Include="src\_micro-api-readonly\libraries\SPI\examples\BarometricPressureSensor">
      <UniqueIdentifier>{041b000e-3cef-4594-8486-2d5a7ac2b6b5}</UniqueIdentifier>
    </Filter>
    <Filter Include="src\_micro-api-readonly\libraries\SPI\examples\DigitalPotControl">
      <UniqueIdentifier>{fed13bdc-f304-45ca-ae00-59066683c28f}</UniqueIdentifier>
    </Filter>
    <Filter Include="src\_micro-api-readonly\libraries\SPI\src">
      <UniqueIdentifier>{5427071d-2bb4-4fd6-881f-e5e1e0bab018}</UniqueIdentifier>
    </Filter>
    <Filter Include="src\_micro-api-readonly\libraries\TinyEKF">
      <UniqueIdentifier>{de53bc2b-db3b-499b-be26-e6358f37c1f3}</UniqueIdentifier>
    </Filter>
    <Filter Include="src\_micro-api-readonly\libraries\Wire">
      <UniqueIdentifier>{6d629597-d158-4765-985b-93c9e011d583}</UniqueIdentifier>
    </Filter>
    <Filter Include="src\_micro-api-readonly\libraries\Wire\examples">
      <UniqueIdentifier>{714bf64b-61c8-4ebc-827a-73c40fbeed55}</UniqueIdentifier>
    </Filter>
    <Filter Include="src\_micro-api-readonly\libraries\Wire\examples\digital_potentiometer">
      <UniqueIdentifier>{87fc0e61-04d2-40e4-9c1c-bace9382186c}</UniqueIdentifier>
    </Filter>
    <Filter Include="src\_micro-api-readonly\libraries\Wire\examples\master_reader">
      <UniqueIdentifier>{2a82b534-1920-47ec-b75c-0e21260942bd}</UniqueIdentifier>
    </Filter>
    <Filter Include="src\_micro-api-readonly\libraries\Wire\examples\master_writer">
      <UniqueIdentifier>{182425da-e970-4c55-a1ed-32cb8018cf82}</UniqueIdentifier>
    </Filter>
    <Filter Include="src\_micro-api-readonly\libraries\Wire\examples\SFRRanger_reader">
      <UniqueIdentifier>{c61a9978-6a39-4840-b35a-fd14ec3f3daf}</UniqueIdentifier>
    </Filter>
    <Filter Include="src\_micro-api-readonly\libraries\Wire\examples\slave_receiver">
      <UniqueIdentifier>{bab50012-37ac-4fa6-9a69-ac9136b04f5d}</UniqueIdentifier>
    </Filter>
    <Filter Include="src\_micro-api-readonly\libraries\Wire\examples\slave_sender">
      <UniqueIdentifier>{79358e0d-0f49-4d84-a488-7fee9f6e9e87}</UniqueIdentifier>
    </Filter>
    <Filter Include="src\_micro-api-readonly\libraries\Wire\src">
      <UniqueIdentifier>{56f7834f-bfa9-4df1-a9d7-eb53d192e90f}</UniqueIdentifier>
    </Filter>
  </ItemGroup>
  <ItemGroup>
    <None Include="FeederDue.ino" />
    <None Include="..\..\..\..\..\..\..\..\..\AppData\Local\arduino15\packages\arduino\hardware\sam\1.6.8\cores\arduino\wiring_pulse_asm.S">
      <Filter>src\_micro-api-readonly\core</Filter>
    </None>
  </ItemGroup>
  <ItemGroup>
    <ClInclude Include="__vm\.FeederDue.vsarduino.h">
      <Filter>Header Files</Filter>
    </ClInclude>
    <ClInclude Include="..\..\..\..\..\..\..\..\..\AppData\Local\arduino15\packages\arduino\hardware\sam\1.6.8\cores\arduino\Arduino.h">
      <Filter>src\_micro-api-readonly\core</Filter>
    </ClInclude>
    <ClInclude Include="..\..\..\..\..\..\..\..\..\AppData\Local\arduino15\packages\arduino\hardware\sam\1.6.8\cores\arduino\binary.h">
      <Filter>src\_micro-api-readonly\core</Filter>
    </ClInclude>
    <ClInclude Include="..\..\..\..\..\..\..\..\..\AppData\Local\arduino15\packages\arduino\hardware\sam\1.6.8\cores\arduino\Client.h">
      <Filter>src\_micro-api-readonly\core</Filter>
    </ClInclude>
    <ClInclude Include="..\..\..\..\..\..\..\..\..\AppData\Local\arduino15\packages\arduino\hardware\sam\1.6.8\cores\arduino\HardwareSerial.h">
      <Filter>src\_micro-api-readonly\core</Filter>
    </ClInclude>
    <ClInclude Include="..\..\..\..\..\..\..\..\..\AppData\Local\arduino15\packages\arduino\hardware\sam\1.6.8\cores\arduino\IPAddress.h">
      <Filter>src\_micro-api-readonly\core</Filter>
    </ClInclude>
    <ClInclude Include="..\..\..\..\..\..\..\..\..\AppData\Local\arduino15\packages\arduino\hardware\sam\1.6.8\cores\arduino\itoa.h">
      <Filter>src\_micro-api-readonly\core</Filter>
    </ClInclude>
    <ClInclude Include="..\..\..\..\..\..\..\..\..\AppData\Local\arduino15\packages\arduino\hardware\sam\1.6.8\cores\arduino\Print.h">
      <Filter>src\_micro-api-readonly\core</Filter>
    </ClInclude>
    <ClInclude Include="..\..\..\..\..\..\..\..\..\AppData\Local\arduino15\packages\arduino\hardware\sam\1.6.8\cores\arduino\Printable.h">
      <Filter>src\_micro-api-readonly\core</Filter>
    </ClInclude>
    <ClInclude Include="..\..\..\..\..\..\..\..\..\AppData\Local\arduino15\packages\arduino\hardware\sam\1.6.8\cores\arduino\Reset.h">
      <Filter>src\_micro-api-readonly\core</Filter>
    </ClInclude>
    <ClInclude Include="..\..\..\..\..\..\..\..\..\AppData\Local\arduino15\packages\arduino\hardware\sam\1.6.8\cores\arduino\RingBuffer.h">
      <Filter>src\_micro-api-readonly\core</Filter>
    </ClInclude>
    <ClInclude Include="..\..\..\..\..\..\..\..\..\AppData\Local\arduino15\packages\arduino\hardware\sam\1.6.8\cores\arduino\Server.h">
      <Filter>src\_micro-api-readonly\core</Filter>
    </ClInclude>
    <ClInclude Include="..\..\..\..\..\..\..\..\..\AppData\Local\arduino15\packages\arduino\hardware\sam\1.6.8\cores\arduino\Stream.h">
      <Filter>src\_micro-api-readonly\core</Filter>
    </ClInclude>
    <ClInclude Include="..\..\..\..\..\..\..\..\..\AppData\Local\arduino15\packages\arduino\hardware\sam\1.6.8\cores\arduino\syscalls.h">
      <Filter>src\_micro-api-readonly\core</Filter>
    </ClInclude>
    <ClInclude Include="..\..\..\..\..\..\..\..\..\AppData\Local\arduino15\packages\arduino\hardware\sam\1.6.8\cores\arduino\Tone.h">
      <Filter>src\_micro-api-readonly\core</Filter>
    </ClInclude>
    <ClInclude Include="..\..\..\..\..\..\..\..\..\AppData\Local\arduino15\packages\arduino\hardware\sam\1.6.8\cores\arduino\UARTClass.h">
      <Filter>src\_micro-api-readonly\core</Filter>
    </ClInclude>
    <ClInclude Include="..\..\..\..\..\..\..\..\..\AppData\Local\arduino15\packages\arduino\hardware\sam\1.6.8\cores\arduino\Udp.h">
      <Filter>src\_micro-api-readonly\core</Filter>
    </ClInclude>
    <ClInclude Include="..\..\..\..\..\..\..\..\..\AppData\Local\arduino15\packages\arduino\hardware\sam\1.6.8\cores\arduino\USARTClass.h">
      <Filter>src\_micro-api-readonly\core</Filter>
    </ClInclude>
    <ClInclude Include="..\..\..\..\..\..\..\..\..\AppData\Local\arduino15\packages\arduino\hardware\sam\1.6.8\cores\arduino\watchdog.h">
      <Filter>src\_micro-api-readonly\core</Filter>
    </ClInclude>
    <ClInclude Include="..\..\..\..\..\..\..\..\..\AppData\Local\arduino15\packages\arduino\hardware\sam\1.6.8\cores\arduino\WCharacter.h">
      <Filter>src\_micro-api-readonly\core</Filter>
    </ClInclude>
    <ClInclude Include="..\..\..\..\..\..\..\..\..\AppData\Local\arduino15\packages\arduino\hardware\sam\1.6.8\cores\arduino\WInterrupts.h">
      <Filter>src\_micro-api-readonly\core</Filter>
    </ClInclude>
    <ClInclude Include="..\..\..\..\..\..\..\..\..\AppData\Local\arduino15\packages\arduino\hardware\sam\1.6.8\cores\arduino\wiring.h">
      <Filter>src\_micro-api-readonly\core</Filter>
    </ClInclude>
    <ClInclude Include="..\..\..\..\..\..\..\..\..\AppData\Local\arduino15\packages\arduino\hardware\sam\1.6.8\cores\arduino\wiring_analog.h">
      <Filter>src\_micro-api-readonly\core</Filter>
    </ClInclude>
    <ClInclude Include="..\..\..\..\..\..\..\..\..\AppData\Local\arduino15\packages\arduino\hardware\sam\1.6.8\cores\arduino\wiring_constants.h">
      <Filter>src\_micro-api-readonly\core</Filter>
    </ClInclude>
    <ClInclude Include="..\..\..\..\..\..\..\..\..\AppData\Local\arduino15\packages\arduino\hardware\sam\1.6.8\cores\arduino\wiring_digital.h">
      <Filter>src\_micro-api-readonly\core</Filter>
    </ClInclude>
    <ClInclude Include="..\..\..\..\..\..\..\..\..\AppData\Local\arduino15\packages\arduino\hardware\sam\1.6.8\cores\arduino\wiring_private.h">
      <Filter>src\_micro-api-readonly\core</Filter>
    </ClInclude>
    <ClInclude Include="..\..\..\..\..\..\..\..\..\AppData\Local\arduino15\packages\arduino\hardware\sam\1.6.8\cores\arduino\wiring_pulse.h">
      <Filter>src\_micro-api-readonly\core</Filter>
    </ClInclude>
    <ClInclude Include="..\..\..\..\..\..\..\..\..\AppData\Local\arduino15\packages\arduino\hardware\sam\1.6.8\cores\arduino\wiring_shift.h">
      <Filter>src\_micro-api-readonly\core</Filter>
    </ClInclude>
    <ClInclude Include="..\..\..\..\..\..\..\..\..\AppData\Local\arduino15\packages\arduino\hardware\sam\1.6.8\cores\arduino\WMath.h">
      <Filter>src\_micro-api-readonly\core</Filter>
    </ClInclude>
    <ClInclude Include="..\..\..\..\..\..\..\..\..\AppData\Local\arduino15\packages\arduino\hardware\sam\1.6.8\cores\arduino\WString.h">
      <Filter>src\_micro-api-readonly\core</Filter>
    </ClInclude>
    <ClInclude Include="..\..\..\..\..\..\..\..\..\AppData\Local\arduino15\packages\arduino\hardware\sam\1.6.8\cores\arduino\avr\dtostrf.h">
      <Filter>src\_micro-api-readonly\core\avr</Filter>
    </ClInclude>
    <ClInclude Include="..\..\..\..\..\..\..\..\..\AppData\Local\arduino15\packages\arduino\hardware\sam\1.6.8\cores\arduino\avr\interrupt.h">
      <Filter>src\_micro-api-readonly\core\avr</Filter>
    </ClInclude>
    <ClInclude Include="..\..\..\..\..\..\..\..\..\AppData\Local\arduino15\packages\arduino\hardware\sam\1.6.8\cores\arduino\avr\pgmspace.h">
      <Filter>src\_micro-api-readonly\core\avr</Filter>
    </ClInclude>
    <ClInclude Include="..\..\..\..\..\..\..\..\..\AppData\Local\arduino15\packages\arduino\hardware\sam\1.6.8\cores\arduino\USB\PluggableUSB.h">
      <Filter>src\_micro-api-readonly\core\USB</Filter>
    </ClInclude>
    <ClInclude Include="..\..\..\..\..\..\..\..\..\AppData\Local\arduino15\packages\arduino\hardware\sam\1.6.8\cores\arduino\USB\USBAPI.h">
      <Filter>src\_micro-api-readonly\core\USB</Filter>
    </ClInclude>
    <ClInclude Include="..\..\..\..\..\..\..\..\..\AppData\Local\arduino15\packages\arduino\hardware\sam\1.6.8\cores\arduino\USB\USBCore.h">
      <Filter>src\_micro-api-readonly\core\USB</Filter>
    </ClInclude>
    <ClInclude Include="..\..\..\..\..\..\..\..\..\AppData\Local\arduino15\packages\arduino\hardware\sam\1.6.8\cores\arduino\USB\USBDesc.h">
      <Filter>src\_micro-api-readonly\core\USB</Filter>
    </ClInclude>
    <ClInclude Include="..\..\..\..\..\..\..\..\..\AppData\Local\arduino15\packages\arduino\hardware\sam\1.6.8\variants\arduino_due_x\pins_arduino.h">
      <Filter>src\_micro-api-readonly\variants\arduino_due_x</Filter>
    </ClInclude>
    <ClInclude Include="..\..\..\..\..\..\..\..\..\AppData\Local\arduino15\packages\arduino\hardware\sam\1.6.8\variants\arduino_due_x\variant.h">
      <Filter>src\_micro-api-readonly\variants\arduino_due_x</Filter>
    </ClInclude>
    <ClInclude Include="..\..\..\..\..\..\..\..\AppData\Arduino\libraries\Arduino-MemoryFree\MemoryFree.h">
      <Filter>src\_micro-api-readonly\libraries\Arduino-MemoryFree</Filter>
    </ClInclude>
    <ClInclude Include="..\..\..\..\..\..\..\..\AppData\Arduino\libraries\Arduino-MemoryFree\pgmStrToRAM.h">
      <Filter>src\_micro-api-readonly\libraries\Arduino-MemoryFree</Filter>
    </ClInclude>
    <ClInclude Include="..\..\..\..\..\..\..\..\AppData\Arduino\libraries\AutoDriver_Due\AutoDriver_Due.h">
      <Filter>src\_micro-api-readonly\libraries\AutoDriver_Due</Filter>
    </ClInclude>
    <ClInclude Include="..\..\..\..\..\..\..\..\AppData\Arduino\libraries\AutoDriver_Due\dSPINConstants_Due.h">
      <Filter>src\_micro-api-readonly\libraries\AutoDriver_Due</Filter>
    </ClInclude>
    <ClInclude Include="..\..\..\..\..\..\..\..\AppData\Arduino\libraries\LCD5110_Graph\LCD5110_Graph.h">
      <Filter>src\_micro-api-readonly\libraries\LCD5110_Graph</Filter>
    </ClInclude>
    <ClInclude Include="..\..\..\..\..\..\..\..\AppData\Arduino\libraries\Pixy\Pixy.h">
      <Filter>src\_micro-api-readonly\libraries\Pixy</Filter>
    </ClInclude>
    <ClInclude Include="..\..\..\..\..\..\..\..\AppData\Arduino\libraries\Pixy\PixyI2C.h">
      <Filter>src\_micro-api-readonly\libraries\Pixy</Filter>
    </ClInclude>
    <ClInclude Include="..\..\..\..\..\..\..\..\AppData\Arduino\libraries\Pixy\PixySPI_SS.h">
      <Filter>src\_micro-api-readonly\libraries\Pixy</Filter>
    </ClInclude>
    <ClInclude Include="..\..\..\..\..\..\..\..\AppData\Arduino\libraries\Pixy\PixyUART.h">
      <Filter>src\_micro-api-readonly\libraries\Pixy</Filter>
    </ClInclude>
    <ClInclude Include="..\..\..\..\..\..\..\..\AppData\Arduino\libraries\Pixy\TPixy.h">
      <Filter>src\_micro-api-readonly\libraries\Pixy</Filter>
    </ClInclude>
    <ClInclude Include="..\..\..\..\..\..\..\..\..\AppData\Local\arduino15\packages\arduino\hardware\sam\1.6.8\libraries\SPI\src\SPI.h">
      <Filter>src\_micro-api-readonly\libraries\SPI\src</Filter>
    </ClInclude>
    <ClInclude Include="..\..\..\..\..\..\..\..\AppData\Arduino\libraries\TinyEKF\TinyEKF.h">
      <Filter>src\_micro-api-readonly\libraries\TinyEKF</Filter>
    </ClInclude>
    <ClInclude Include="..\..\..\..\..\..\..\..\AppData\Arduino\libraries\TinyEKF\tiny_ekf.h">
      <Filter>src\_micro-api-readonly\libraries\TinyEKF</Filter>
    </ClInclude>
    <ClInclude Include="..\..\..\..\..\..\..\..\AppData\Arduino\libraries\TinyEKF\tiny_ekf_struct.h">
      <Filter>src\_micro-api-readonly\libraries\TinyEKF</Filter>
    </ClInclude>
    <ClInclude Include="..\..\..\..\..\..\..\..\..\AppData\Local\arduino15\packages\arduino\hardware\sam\1.6.8\libraries\Wire\src\Wire.h">
      <Filter>src\_micro-api-readonly\libraries\Wire\src</Filter>
    </ClInclude>
  </ItemGroup>
  <ItemGroup>
    <ClCompile Include="..\..\..\..\..\..\..\..\..\AppData\Local\arduino15\packages\arduino\hardware\sam\1.6.8\cores\arduino\abi.cpp">
      <Filter>src\_micro-api-readonly\core</Filter>
    </ClCompile>
    <ClCompile Include="..\..\..\..\..\..\..\..\..\AppData\Local\arduino15\packages\arduino\hardware\sam\1.6.8\cores\arduino\cortex_handlers.c">
      <Filter>src\_micro-api-readonly\core</Filter>
    </ClCompile>
    <ClCompile Include="..\..\..\..\..\..\..\..\..\AppData\Local\arduino15\packages\arduino\hardware\sam\1.6.8\cores\arduino\hooks.c">
      <Filter>src\_micro-api-readonly\core</Filter>
    </ClCompile>
    <ClCompile Include="..\..\..\..\..\..\..\..\..\AppData\Local\arduino15\packages\arduino\hardware\sam\1.6.8\cores\arduino\iar_calls_sam3.c">
      <Filter>src\_micro-api-readonly\core</Filter>
    </ClCompile>
    <ClCompile Include="..\..\..\..\..\..\..\..\..\AppData\Local\arduino15\packages\arduino\hardware\sam\1.6.8\cores\arduino\IPAddress.cpp">
      <Filter>src\_micro-api-readonly\core</Filter>
    </ClCompile>
    <ClCompile Include="..\..\..\..\..\..\..\..\..\AppData\Local\arduino15\packages\arduino\hardware\sam\1.6.8\cores\arduino\itoa.c">
      <Filter>src\_micro-api-readonly\core</Filter>
    </ClCompile>
    <ClCompile Include="..\..\..\..\..\..\..\..\..\AppData\Local\arduino15\packages\arduino\hardware\sam\1.6.8\cores\arduino\main.cpp">
      <Filter>src\_micro-api-readonly\core</Filter>
    </ClCompile>
    <ClCompile Include="..\..\..\..\..\..\..\..\..\AppData\Local\arduino15\packages\arduino\hardware\sam\1.6.8\cores\arduino\new.cpp">
      <Filter>src\_micro-api-readonly\core</Filter>
    </ClCompile>
    <ClCompile Include="..\..\..\..\..\..\..\..\..\AppData\Local\arduino15\packages\arduino\hardware\sam\1.6.8\cores\arduino\Print.cpp">
      <Filter>src\_micro-api-readonly\core</Filter>
    </ClCompile>
    <ClCompile Include="..\..\..\..\..\..\..\..\..\AppData\Local\arduino15\packages\arduino\hardware\sam\1.6.8\cores\arduino\Reset.cpp">
      <Filter>src\_micro-api-readonly\core</Filter>
    </ClCompile>
    <ClCompile Include="..\..\..\..\..\..\..\..\..\AppData\Local\arduino15\packages\arduino\hardware\sam\1.6.8\cores\arduino\RingBuffer.cpp">
      <Filter>src\_micro-api-readonly\core</Filter>
    </ClCompile>
    <ClCompile Include="..\..\..\..\..\..\..\..\..\AppData\Local\arduino15\packages\arduino\hardware\sam\1.6.8\cores\arduino\Stream.cpp">
      <Filter>src\_micro-api-readonly\core</Filter>
    </ClCompile>
    <ClCompile Include="..\..\..\..\..\..\..\..\..\AppData\Local\arduino15\packages\arduino\hardware\sam\1.6.8\cores\arduino\syscalls_sam3.c">
      <Filter>src\_micro-api-readonly\core</Filter>
    </ClCompile>
    <ClCompile Include="..\..\..\..\..\..\..\..\..\AppData\Local\arduino15\packages\arduino\hardware\sam\1.6.8\cores\arduino\UARTClass.cpp">
      <Filter>src\_micro-api-readonly\core</Filter>
    </ClCompile>
    <ClCompile Include="..\..\..\..\..\..\..\..\..\AppData\Local\arduino15\packages\arduino\hardware\sam\1.6.8\cores\arduino\USARTClass.cpp">
      <Filter>src\_micro-api-readonly\core</Filter>
    </ClCompile>
    <ClCompile Include="..\..\..\..\..\..\..\..\..\AppData\Local\arduino15\packages\arduino\hardware\sam\1.6.8\cores\arduino\watchdog.cpp">
      <Filter>src\_micro-api-readonly\core</Filter>
    </ClCompile>
    <ClCompile Include="..\..\..\..\..\..\..\..\..\AppData\Local\arduino15\packages\arduino\hardware\sam\1.6.8\cores\arduino\WInterrupts.c">
      <Filter>src\_micro-api-readonly\core</Filter>
    </ClCompile>
    <ClCompile Include="..\..\..\..\..\..\..\..\..\AppData\Local\arduino15\packages\arduino\hardware\sam\1.6.8\cores\arduino\wiring.c">
      <Filter>src\_micro-api-readonly\core</Filter>
    </ClCompile>
    <ClCompile Include="..\..\..\..\..\..\..\..\..\AppData\Local\arduino15\packages\arduino\hardware\sam\1.6.8\cores\arduino\wiring_analog.c">
      <Filter>src\_micro-api-readonly\core</Filter>
    </ClCompile>
    <ClCompile Include="..\..\..\..\..\..\..\..\..\AppData\Local\arduino15\packages\arduino\hardware\sam\1.6.8\cores\arduino\wiring_digital.c">
      <Filter>src\_micro-api-readonly\core</Filter>
    </ClCompile>
    <ClCompile Include="..\..\..\..\..\..\..\..\..\AppData\Local\arduino15\packages\arduino\hardware\sam\1.6.8\cores\arduino\wiring_pulse.cpp">
      <Filter>src\_micro-api-readonly\core</Filter>
    </ClCompile>
    <ClCompile Include="..\..\..\..\..\..\..\..\..\AppData\Local\arduino15\packages\arduino\hardware\sam\1.6.8\cores\arduino\wiring_shift.c">
      <Filter>src\_micro-api-readonly\core</Filter>
    </ClCompile>
    <ClCompile Include="..\..\..\..\..\..\..\..\..\AppData\Local\arduino15\packages\arduino\hardware\sam\1.6.8\cores\arduino\WMath.cpp">
      <Filter>src\_micro-api-readonly\core</Filter>
    </ClCompile>
    <ClCompile Include="..\..\..\..\..\..\..\..\..\AppData\Local\arduino15\packages\arduino\hardware\sam\1.6.8\cores\arduino\WString.cpp">
      <Filter>src\_micro-api-readonly\core</Filter>
    </ClCompile>
    <ClCompile Include="..\..\..\..\..\..\..\..\..\AppData\Local\arduino15\packages\arduino\hardware\sam\1.6.8\cores\arduino\avr\dtostrf.c">
      <Filter>src\_micro-api-readonly\core\avr</Filter>
    </ClCompile>
    <ClCompile Include="..\..\..\..\..\..\..\..\..\AppData\Local\arduino15\packages\arduino\hardware\sam\1.6.8\cores\arduino\USB\CDC.cpp">
      <Filter>src\_micro-api-readonly\core\USB</Filter>
    </ClCompile>
    <ClCompile Include="..\..\..\..\..\..\..\..\..\AppData\Local\arduino15\packages\arduino\hardware\sam\1.6.8\cores\arduino\USB\PluggableUSB.cpp">
      <Filter>src\_micro-api-readonly\core\USB</Filter>
    </ClCompile>
    <ClCompile Include="..\..\..\..\..\..\..\..\..\AppData\Local\arduino15\packages\arduino\hardware\sam\1.6.8\cores\arduino\USB\USBCore.cpp">
      <Filter>src\_micro-api-readonly\core\USB</Filter>
    </ClCompile>
    <ClCompile Include="..\..\..\..\..\..\..\..\AppData\Arduino\libraries\Arduino-MemoryFree\MemoryFree.cpp">
      <Filter>src\_micro-api-readonly\libraries\Arduino-MemoryFree</Filter>
    </ClCompile>
    <ClCompile Include="..\..\..\..\..\..\..\..\AppData\Arduino\libraries\Arduino-MemoryFree\pgmStrToRAM.cpp">
      <Filter>src\_micro-api-readonly\libraries\Arduino-MemoryFree</Filter>
    </ClCompile>
    <ClCompile Include="..\..\..\..\..\..\..\..\AppData\Arduino\libraries\AutoDriver_Due\AutoDriverCommands_Due.cpp">
      <Filter>src\_micro-api-readonly\libraries\AutoDriver_Due</Filter>
    </ClCompile>
    <ClCompile Include="..\..\..\..\..\..\..\..\AppData\Arduino\libraries\AutoDriver_Due\AutoDriverConfig_Due.cpp">
      <Filter>src\_micro-api-readonly\libraries\AutoDriver_Due</Filter>
    </ClCompile>
    <ClCompile Include="..\..\..\..\..\..\..\..\AppData\Arduino\libraries\AutoDriver_Due\AutoDriverSupport_Due.cpp">
      <Filter>src\_micro-api-readonly\libraries\AutoDriver_Due</Filter>
    </ClCompile>
    <ClCompile Include="..\..\..\..\..\..\..\..\AppData\Arduino\libraries\AutoDriver_Due\AutoDriver_Due.cpp">
      <Filter>src\_micro-api-readonly\libraries\AutoDriver_Due</Filter>
    </ClCompile>
    <ClCompile Include="..\..\..\..\..\..\..\..\AppData\Arduino\libraries\LCD5110_Graph\DefaultFonts.c">
      <Filter>src\_micro-api-readonly\libraries\LCD5110_Graph</Filter>
    </ClCompile>
    <ClCompile Include="..\..\..\..\..\..\..\..\AppData\Arduino\libraries\LCD5110_Graph\LCD5110_Graph.cpp">
      <Filter>src\_micro-api-readonly\libraries\LCD5110_Graph</Filter>
    </ClCompile>
    <ClCompile Include="..\..\..\..\..\..\..\..\..\AppData\Local\arduino15\packages\arduino\hardware\sam\1.6.8\libraries\SPI\src\SPI.cpp">
      <Filter>src\_micro-api-readonly\libraries\SPI\src</Filter>
    </ClCompile>
    <ClCompile Include="..\..\..\..\..\..\..\..\AppData\Arduino\libraries\TinyEKF\tiny_ekf.c">
      <Filter>src\_micro-api-readonly\libraries\TinyEKF</Filter>
    </ClCompile>
    <ClCompile Include="..\..\..\..\..\..\..\..\..\AppData\Local\arduino15\packages\arduino\hardware\sam\1.6.8\libraries\Wire\src\Wire.cpp">
      <Filter>src\_micro-api-readonly\libraries\Wire\src</Filter>
    </ClCompile>
  </ItemGroup>
</Project>