<?xml version="1.0" encoding="utf-8"?>
<Project ToolsVersion="4.0" xmlns="http://schemas.microsoft.com/developer/msbuild/2003">
  <ItemGroup>
    <Filter Include="Source Files">
      <UniqueIdentifier>{4FC737F1-C7A5-4376-A066-2A32D752A2FF}</UniqueIdentifier>
      <Extensions>cpp;c;cc;cxx;def;odl;idl;hpj;bat;asm;asmx</Extensions>
    </Filter>
    <Filter Include="Header Files">
      <UniqueIdentifier>{93995380-89BD-4b04-88EB-625FBE52EBFB}</UniqueIdentifier>
      <Extensions>h;hh;hpp;hxx;hm;inl;inc;xsd</Extensions>
    </Filter>
    <Filter Include="Resource Files">
      <UniqueIdentifier>{67DA6AB6-F800-4c08-8B7A-83BB121AAD01}</UniqueIdentifier>
      <Extensions>rc;ico;cur;bmp;dlg;rc2;rct;bin;rgs;gif;jpg;jpeg;jpe;resx;tiff;tif;png;wav;mfcribbon-ms</Extensions>
    </Filter>
    <Filter Include="src">
      <UniqueIdentifier>{560b154a-669f-42a0-bfe9-5545301f1b5e}</UniqueIdentifier>
    </Filter>
    <Filter Include="src\_micro-api-readonly">
      <UniqueIdentifier>{ac0b7144-f83a-47b4-abff-a48185d98a57}</UniqueIdentifier>
    </Filter>
    <Filter Include="src\_micro-api-readonly\libraries">
      <UniqueIdentifier>{9a4f0c0d-07c4-4f07-80cd-867abcfbd1f3}</UniqueIdentifier>
    </Filter>
    <Filter Include="src\_micro-api-readonly\libraries\SdFat">
      <UniqueIdentifier>{9b3e8b8f-cea8-4998-a483-72ca0691e021}</UniqueIdentifier>
    </Filter>
    <Filter Include="src\_micro-api-readonly\libraries\SdFat\examples">
      <UniqueIdentifier>{7c65b03a-64fc-4bb9-8cce-5700a082af3e}</UniqueIdentifier>
    </Filter>
    <Filter Include="src\_micro-api-readonly\libraries\SdFat\examples\LongFileName">
      <UniqueIdentifier>{ea93d008-905e-4365-b8cf-89ae8bf9faea}</UniqueIdentifier>
    </Filter>
    <Filter Include="src\_micro-api-readonly\libraries\SdFat\examples\LongFileName\testFiles">
      <UniqueIdentifier>{f5da6e9c-66af-4bd8-98ac-d4531bc8234a}</UniqueIdentifier>
    </Filter>
    <Filter Include="src\_micro-api-readonly\libraries\SdFat\examples\LowLatencyLogger">
      <UniqueIdentifier>{56ecb22b-0869-4618-8139-8df46d332ca3}</UniqueIdentifier>
    </Filter>
    <Filter Include="src\_micro-api-readonly\libraries\SdFat\examples\OpenNext">
      <UniqueIdentifier>{c2e78750-407c-4d45-9a2c-85b05e1d2fa6}</UniqueIdentifier>
    </Filter>
    <Filter Include="src\_micro-api-readonly\libraries\SdFat\examples\PrintBenchmark">
      <UniqueIdentifier>{bfb2f4d6-38ec-4bdd-83f8-e53ecc2b18d8}</UniqueIdentifier>
    </Filter>
    <Filter Include="src\_micro-api-readonly\libraries\SdFat\examples\QuickStart">
      <UniqueIdentifier>{3c4c23ce-bccb-43ae-9b2f-75f9a1516b3e}</UniqueIdentifier>
    </Filter>
    <Filter Include="src\_micro-api-readonly\libraries\SdFat\examples\RawWrite">
      <UniqueIdentifier>{52dae427-7cc8-4c97-ab2f-028ef3c790ff}</UniqueIdentifier>
    </Filter>
    <Filter Include="src\_micro-api-readonly\libraries\SdFat\examples\readCSV">
      <UniqueIdentifier>{75b6cfc2-3876-4aa0-ad7b-43bb60fd0edd}</UniqueIdentifier>
    </Filter>
    <Filter Include="src\_micro-api-readonly\libraries\SdFat\examples\ReadWrite">
      <UniqueIdentifier>{19182c92-7bde-4d99-b0cc-93969afd3bfd}</UniqueIdentifier>
    </Filter>
    <Filter Include="src\_micro-api-readonly\libraries\SdFat\examples\ReadWriteSdFat">
      <UniqueIdentifier>{b7f30fe2-9628-4a9a-aa20-ec652ae8e8f4}</UniqueIdentifier>
    </Filter>
    <Filter Include="src\_micro-api-readonly\libraries\SdFat\examples\rename">
      <UniqueIdentifier>{7a8eca68-e018-4cc4-8e3a-e63b163aeb6f}</UniqueIdentifier>
    </Filter>
    <Filter Include="src\_micro-api-readonly\libraries\SdFat\examples\SdFormatter">
      <UniqueIdentifier>{b38bed11-f980-4d0a-b55a-96abba5e4970}</UniqueIdentifier>
    </Filter>
    <Filter Include="src\_micro-api-readonly\libraries\SdFat\examples\SdInfo">
      <UniqueIdentifier>{a489f1fd-2cc8-4064-ab38-8b72b5cba80a}</UniqueIdentifier>
    </Filter>
    <Filter Include="src\_micro-api-readonly\libraries\SdFat\examples\SoftwareSpi">
      <UniqueIdentifier>{3f6fe12b-a82f-4847-a4d0-cd35f4ccfc78}</UniqueIdentifier>
    </Filter>
    <Filter Include="src\_micro-api-readonly\libraries\SdFat\examples\StdioBench">
      <UniqueIdentifier>{6f1596e1-1810-4aa8-aee1-81bf7112c160}</UniqueIdentifier>
    </Filter>
    <Filter Include="src\_micro-api-readonly\libraries\SdFat\examples\StreamParseInt">
      <UniqueIdentifier>{b047dd87-b66f-47ab-9625-f4d56248fe41}</UniqueIdentifier>
    </Filter>
    <Filter Include="src\_micro-api-readonly\libraries\SdFat\examples\ThreeCards">
      <UniqueIdentifier>{6cde9d0e-81bd-4997-88c7-07b7018c8829}</UniqueIdentifier>
    </Filter>
    <Filter Include="src\_micro-api-readonly\libraries\SdFat\examples\Timestamp">
      <UniqueIdentifier>{f9043e36-172f-4418-abf4-a28c6d2afcf8}</UniqueIdentifier>
    </Filter>
    <Filter Include="src\_micro-api-readonly\libraries\SdFat\examples\TwoCards">
      <UniqueIdentifier>{147c51d1-7bdd-4d15-8df9-56ed3ef966d9}</UniqueIdentifier>
    </Filter>
    <Filter Include="src\_micro-api-readonly\libraries\SdFat\examples\VolumeFreeSpace">
      <UniqueIdentifier>{1db2f36b-c6bc-42d4-9b12-de1acd92635d}</UniqueIdentifier>
    </Filter>
    <Filter Include="src\_micro-api-readonly\libraries\SdFat\MainPage">
      <UniqueIdentifier>{dec662f1-2ca2-435e-add7-fcb88f523dd2}</UniqueIdentifier>
    </Filter>
    <Filter Include="src\_micro-api-readonly\libraries\SdFat\src">
      <UniqueIdentifier>{98a7d588-f05e-4807-9fb1-b46f2659e9df}</UniqueIdentifier>
    </Filter>
    <Filter Include="src\_micro-api-readonly\libraries\SdFat\src\Deprecated">
      <UniqueIdentifier>{f3d77cc1-6f7a-4886-babe-f0ed99c4433a}</UniqueIdentifier>
    </Filter>
    <Filter Include="src\_micro-api-readonly\libraries\SdFat\src\FatLib">
      <UniqueIdentifier>{91916d2b-3692-4355-8681-116e8599f637}</UniqueIdentifier>
    </Filter>
    <Filter Include="src\_micro-api-readonly\libraries\SdFat\src\SdSpiCard">
      <UniqueIdentifier>{a331cd01-0dbd-4bd3-b1da-738ae9633b12}</UniqueIdentifier>
    </Filter>
    <Filter Include="src\_micro-api-readonly\libraries\SerialPort">
      <UniqueIdentifier>{4e0a4f21-86da-4d45-aebb-f9a1fa82ac42}</UniqueIdentifier>
    </Filter>
    <Filter Include="src\_micro-api-readonly\libraries\SPI">
      <UniqueIdentifier>{52a1a27b-a5fb-484e-ac21-d816001c3a55}</UniqueIdentifier>
    </Filter>
    <Filter Include="src\_micro-api-readonly\libraries\SPI\examples">
      <UniqueIdentifier>{82ce29fb-8b71-428f-9a14-87336ba2908d}</UniqueIdentifier>
    </Filter>
    <Filter Include="src\_micro-api-readonly\libraries\SPI\examples\BarometricPressureSensor">
      <UniqueIdentifier>{e6ed07c5-279e-45ae-ad0b-d2b6bce917dc}</UniqueIdentifier>
    </Filter>
    <Filter Include="src\_micro-api-readonly\libraries\SPI\examples\DigitalPotControl">
      <UniqueIdentifier>{3947b485-7922-4886-baeb-3b75c50d0c77}</UniqueIdentifier>
    </Filter>
    <Filter Include="src\_micro-api-readonly\libraries\SPI\src">
      <UniqueIdentifier>{c56207c9-2fe2-475a-a41b-84283ab5f5d3}</UniqueIdentifier>
    </Filter>
  </ItemGroup>
  <ItemGroup>
    <None Include="OpenLog_AWL.ino" />
  </ItemGroup>
  <ItemGroup>
    <ClInclude Include="__vm\.OpenLog_AWL.vsarduino.h">
      <Filter>Header Files</Filter>
    </ClInclude>
    <ClInclude Include="..\..\..\..\..\..\..\..\..\AppData\Arduino\libraries\SdFat\examples\LowLatencyLogger\UserDataType.h">
      <Filter>src\_micro-api-readonly\libraries\SdFat\examples\LowLatencyLogger</Filter>
    </ClInclude>
    <ClInclude Include="..\..\..\..\..\..\..\..\..\AppData\Arduino\libraries\SdFat\MainPage\SdFatmainpage.h">
      <Filter>src\_micro-api-readonly\libraries\SdFat\MainPage</Filter>
    </ClInclude>
    <ClInclude Include="..\..\..\..\..\..\..\..\..\AppData\Arduino\libraries\SdFat\src\FreeStack.h">
      <Filter>src\_micro-api-readonly\libraries\SdFat\src</Filter>
    </ClInclude>
    <ClInclude Include="..\..\..\..\..\..\..\..\..\AppData\Arduino\libraries\SdFat\src\MinimumSerial.h">
      <Filter>src\_micro-api-readonly\libraries\SdFat\src</Filter>
    </ClInclude>
    <ClInclude Include="..\..\..\..\..\..\..\..\..\AppData\Arduino\libraries\SdFat\src\SdFat.h">
      <Filter>src\_micro-api-readonly\libraries\SdFat\src</Filter>
    </ClInclude>
    <ClInclude Include="..\..\..\..\..\..\..\..\..\AppData\Arduino\libraries\SdFat\src\SdFatConfig.h">
      <Filter>src\_micro-api-readonly\libraries\SdFat\src</Filter>
    </ClInclude>
    <ClInclude Include="..\..\..\..\..\..\..\..\..\AppData\Arduino\libraries\SdFat\src\SdFatUtil.h">
      <Filter>src\_micro-api-readonly\libraries\SdFat\src</Filter>
    </ClInclude>
    <ClInclude Include="..\..\..\..\..\..\..\..\..\AppData\Arduino\libraries\SdFat\src\Deprecated\SdVolume.h">
      <Filter>src\_micro-api-readonly\libraries\SdFat\src\Deprecated</Filter>
    </ClInclude>
    <ClInclude Include="..\..\..\..\..\..\..\..\..\AppData\Arduino\libraries\SdFat\src\FatLib\ArduinoFiles.h">
      <Filter>src\_micro-api-readonly\libraries\SdFat\src\FatLib</Filter>
    </ClInclude>
    <ClInclude Include="..\..\..\..\..\..\..\..\..\AppData\Arduino\libraries\SdFat\src\FatLib\ArduinoStream.h">
      <Filter>src\_micro-api-readonly\libraries\SdFat\src\FatLib</Filter>
    </ClInclude>
    <ClInclude Include="..\..\..\..\..\..\..\..\..\AppData\Arduino\libraries\SdFat\src\FatLib\bufstream.h">
      <Filter>src\_micro-api-readonly\libraries\SdFat\src\FatLib</Filter>
    </ClInclude>
    <ClInclude Include="..\..\..\..\..\..\..\..\..\AppData\Arduino\libraries\SdFat\src\FatLib\FatApiConstants.h">
      <Filter>src\_micro-api-readonly\libraries\SdFat\src\FatLib</Filter>
    </ClInclude>
    <ClInclude Include="..\..\..\..\..\..\..\..\..\AppData\Arduino\libraries\SdFat\src\FatLib\FatFile.h">
      <Filter>src\_micro-api-readonly\libraries\SdFat\src\FatLib</Filter>
    </ClInclude>
    <ClInclude Include="..\..\..\..\..\..\..\..\..\AppData\Arduino\libraries\SdFat\src\FatLib\FatFileSystem.h">
      <Filter>src\_micro-api-readonly\libraries\SdFat\src\FatLib</Filter>
    </ClInclude>
    <ClInclude Include="..\..\..\..\..\..\..\..\..\AppData\Arduino\libraries\SdFat\src\FatLib\FatLib.h">
      <Filter>src\_micro-api-readonly\libraries\SdFat\src\FatLib</Filter>
    </ClInclude>
    <ClInclude Include="..\..\..\..\..\..\..\..\..\AppData\Arduino\libraries\SdFat\src\FatLib\FatLibConfig.h">
      <Filter>src\_micro-api-readonly\libraries\SdFat\src\FatLib</Filter>
    </ClInclude>
    <ClInclude Include="..\..\..\..\..\..\..\..\..\AppData\Arduino\libraries\SdFat\src\FatLib\FatStructs.h">
      <Filter>src\_micro-api-readonly\libraries\SdFat\src\FatLib</Filter>
    </ClInclude>
    <ClInclude Include="..\..\..\..\..\..\..\..\..\AppData\Arduino\libraries\SdFat\src\FatLib\FatVolume.h">
      <Filter>src\_micro-api-readonly\libraries\SdFat\src\FatLib</Filter>
    </ClInclude>
    <ClInclude Include="..\..\..\..\..\..\..\..\..\AppData\Arduino\libraries\SdFat\src\FatLib\FmtNumber.h">
      <Filter>src\_micro-api-readonly\libraries\SdFat\src\FatLib</Filter>
    </ClInclude>
    <ClInclude Include="..\..\..\..\..\..\..\..\..\AppData\Arduino\libraries\SdFat\src\FatLib\fstream.h">
      <Filter>src\_micro-api-readonly\libraries\SdFat\src\FatLib</Filter>
    </ClInclude>
    <ClInclude Include="..\..\..\..\..\..\..\..\..\AppData\Arduino\libraries\SdFat\src\FatLib\ios.h">
      <Filter>src\_micro-api-readonly\libraries\SdFat\src\FatLib</Filter>
    </ClInclude>
    <ClInclude Include="..\..\..\..\..\..\..\..\..\AppData\Arduino\libraries\SdFat\src\FatLib\iostream.h">
      <Filter>src\_micro-api-readonly\libraries\SdFat\src\FatLib</Filter>
    </ClInclude>
    <ClInclude Include="..\..\..\..\..\..\..\..\..\AppData\Arduino\libraries\SdFat\src\FatLib\istream.h">
      <Filter>src\_micro-api-readonly\libraries\SdFat\src\FatLib</Filter>
    </ClInclude>
    <ClInclude Include="..\..\..\..\..\..\..\..\..\AppData\Arduino\libraries\SdFat\src\FatLib\ostream.h">
      <Filter>src\_micro-api-readonly\libraries\SdFat\src\FatLib</Filter>
    </ClInclude>
    <ClInclude Include="..\..\..\..\..\..\..\..\..\AppData\Arduino\libraries\SdFat\src\FatLib\StdioStream.h">
      <Filter>src\_micro-api-readonly\libraries\SdFat\src\FatLib</Filter>
    </ClInclude>
    <ClInclude Include="..\..\..\..\..\..\..\..\..\AppData\Arduino\libraries\SdFat\src\SdSpiCard\DigitalPin.h">
      <Filter>src\_micro-api-readonly\libraries\SdFat\src\SdSpiCard</Filter>
    </ClInclude>
    <ClInclude Include="..\..\..\..\..\..\..\..\..\AppData\Arduino\libraries\SdFat\src\SdSpiCard\SdInfo.h">
      <Filter>src\_micro-api-readonly\libraries\SdFat\src\SdSpiCard</Filter>
    </ClInclude>
    <ClInclude Include="..\..\..\..\..\..\..\..\..\AppData\Arduino\libraries\SdFat\src\SdSpiCard\SdSpi.h">
      <Filter>src\_micro-api-readonly\libraries\SdFat\src\SdSpiCard</Filter>
    </ClInclude>
    <ClInclude Include="..\..\..\..\..\..\..\..\..\AppData\Arduino\libraries\SdFat\src\SdSpiCard\SdSpiCard.h">
      <Filter>src\_micro-api-readonly\libraries\SdFat\src\SdSpiCard</Filter>
    </ClInclude>
    <ClInclude Include="..\..\..\..\..\..\..\..\..\AppData\Arduino\libraries\SdFat\src\SdSpiCard\SoftSPI.h">
      <Filter>src\_micro-api-readonly\libraries\SdFat\src\SdSpiCard</Filter>
    </ClInclude>
    <ClInclude Include="..\..\..\..\..\..\..\..\..\AppData\Arduino\libraries\SerialPort\SerialPort.h">
      <Filter>src\_micro-api-readonly\libraries\SerialPort</Filter>
    </ClInclude>
    <ClInclude Include="..\..\..\..\..\..\..\..\..\..\..\..\Program Files (x86)\Arduino\hardware\arduino\avr\libraries\SPI\src\SPI.h">
      <Filter>src\_micro-api-readonly\libraries\SPI\src</Filter>
    </ClInclude>
  </ItemGroup>
  <ItemGroup>
    <ClCompile Include="..\..\..\..\..\..\..\..\..\AppData\Arduino\libraries\SdFat\src\MinimumSerial.cpp">
      <Filter>src\_micro-api-readonly\libraries\SdFat\src</Filter>
    </ClCompile>
    <ClCompile Include="..\..\..\..\..\..\..\..\..\AppData\Arduino\libraries\SdFat\src\SdFat.cpp">
      <Filter>src\_micro-api-readonly\libraries\SdFat\src</Filter>
    </ClCompile>
    <ClCompile Include="..\..\..\..\..\..\..\..\..\AppData\Arduino\libraries\SdFat\src\SdFatUtil.cpp">
      <Filter>src\_micro-api-readonly\libraries\SdFat\src</Filter>
    </ClCompile>
    <ClCompile Include="..\..\..\..\..\..\..\..\..\AppData\Arduino\libraries\SdFat\src\FatLib\FatFile.cpp">
      <Filter>src\_micro-api-readonly\libraries\SdFat\src\FatLib</Filter>
    </ClCompile>
    <ClCompile Include="..\..\..\..\..\..\..\..\..\AppData\Arduino\libraries\SdFat\src\FatLib\FatFileLFN.cpp">
      <Filter>src\_micro-api-readonly\libraries\SdFat\src\FatLib</Filter>
    </ClCompile>
    <ClCompile Include="..\..\..\..\..\..\..\..\..\AppData\Arduino\libraries\SdFat\src\FatLib\FatFilePrint.cpp">
      <Filter>src\_micro-api-readonly\libraries\SdFat\src\FatLib</Filter>
    </ClCompile>
    <ClCompile Include="..\..\..\..\..\..\..\..\..\AppData\Arduino\libraries\SdFat\src\FatLib\FatFileSFN.cpp">
      <Filter>src\_micro-api-readonly\libraries\SdFat\src\FatLib</Filter>
    </ClCompile>
    <ClCompile Include="..\..\..\..\..\..\..\..\..\AppData\Arduino\libraries\SdFat\src\FatLib\FatVolume.cpp">
      <Filter>src\_micro-api-readonly\libraries\SdFat\src\FatLib</Filter>
    </ClCompile>
    <ClCompile Include="..\..\..\..\..\..\..\..\..\AppData\Arduino\libraries\SdFat\src\FatLib\FmtNumber.cpp">
      <Filter>src\_micro-api-readonly\libraries\SdFat\src\FatLib</Filter>
    </ClCompile>
    <ClCompile Include="..\..\..\..\..\..\..\..\..\AppData\Arduino\libraries\SdFat\src\FatLib\fstream.cpp">
      <Filter>src\_micro-api-readonly\libraries\SdFat\src\FatLib</Filter>
    </ClCompile>
    <ClCompile Include="..\..\..\..\..\..\..\..\..\AppData\Arduino\libraries\SdFat\src\FatLib\istream.cpp">
      <Filter>src\_micro-api-readonly\libraries\SdFat\src\FatLib</Filter>
    </ClCompile>
    <ClCompile Include="..\..\..\..\..\..\..\..\..\AppData\Arduino\libraries\SdFat\src\FatLib\ostream.cpp">
      <Filter>src\_micro-api-readonly\libraries\SdFat\src\FatLib</Filter>
    </ClCompile>
    <ClCompile Include="..\..\..\..\..\..\..\..\..\AppData\Arduino\libraries\SdFat\src\FatLib\StdioStream.cpp">
      <Filter>src\_micro-api-readonly\libraries\SdFat\src\FatLib</Filter>
    </ClCompile>
    <ClCompile Include="..\..\..\..\..\..\..\..\..\AppData\Arduino\libraries\SdFat\src\SdSpiCard\SdSpiCard.cpp">
      <Filter>src\_micro-api-readonly\libraries\SdFat\src\SdSpiCard</Filter>
    </ClCompile>
    <ClCompile Include="..\..\..\..\..\..\..\..\..\AppData\Arduino\libraries\SdFat\src\SdSpiCard\SdSpiSAM3X.cpp">
      <Filter>src\_micro-api-readonly\libraries\SdFat\src\SdSpiCard</Filter>
    </ClCompile>
    <ClCompile Include="..\..\..\..\..\..\..\..\..\AppData\Arduino\libraries\SdFat\src\SdSpiCard\SdSpiSTM32F1.cpp">
      <Filter>src\_micro-api-readonly\libraries\SdFat\src\SdSpiCard</Filter>
    </ClCompile>
    <ClCompile Include="..\..\..\..\..\..\..\..\..\AppData\Arduino\libraries\SdFat\src\SdSpiCard\SdSpiTeensy3.cpp">
      <Filter>src\_micro-api-readonly\libraries\SdFat\src\SdSpiCard</Filter>
    </ClCompile>
    <ClCompile Include="..\..\..\..\..\..\..\..\..\AppData\Arduino\libraries\SerialPort\SerialPort.cpp">
      <Filter>src\_micro-api-readonly\libraries\SerialPort</Filter>
    </ClCompile>
    <ClCompile Include="..\..\..\..\..\..\..\..\..\..\..\..\Program Files (x86)\Arduino\hardware\arduino\avr\libraries\SPI\src\SPI.cpp">
      <Filter>src\_micro-api-readonly\libraries\SPI\src</Filter>
    </ClCompile>
  </ItemGroup>
  <ItemGroup>
    <Text Include="..\..\..\..\..\..\..\..\..\AppData\Arduino\libraries\SdFat\examples\LongFileName\testFiles\A long name can be 255 characters.txt">
      <Filter>src\_micro-api-readonly\libraries\SdFat\examples\LongFileName\testFiles</Filter>
    </Text>
    <Text Include="..\..\..\..\..\..\..\..\..\AppData\Arduino\libraries\SdFat\examples\LongFileName\testFiles\LFN,NAME.TXT">
      <Filter>src\_micro-api-readonly\libraries\SdFat\examples\LongFileName\testFiles</Filter>
    </Text>
    <Text Include="..\..\..\..\..\..\..\..\..\AppData\Arduino\libraries\SdFat\examples\LongFileName\testFiles\lower.txt">
      <Filter>src\_micro-api-readonly\libraries\SdFat\examples\LongFileName\testFiles</Filter>
    </Text>
    <Text Include="..\..\..\..\..\..\..\..\..\AppData\Arduino\libraries\SdFat\examples\LongFileName\testFiles\MIXCASE.txt">
      <Filter>src\_micro-api-readonly\libraries\SdFat\examples\LongFileName\testFiles</Filter>
    </Text>
    <Text Include="..\..\..\..\..\..\..\..\..\AppData\Arduino\libraries\SdFat\examples\LongFileName\testFiles\mixed.TXT">
      <Filter>src\_micro-api-readonly\libraries\SdFat\examples\LongFileName\testFiles</Filter>
    </Text>
    <Text Include="..\..\..\..\..\..\..\..\..\AppData\Arduino\libraries\SdFat\examples\LongFileName\testFiles\Not_8_3.txt">
      <Filter>src\_micro-api-readonly\libraries\SdFat\examples\LongFileName\testFiles</Filter>
    </Text>
    <Text Include="..\..\..\..\..\..\..\..\..\AppData\Arduino\libraries\SdFat\examples\LongFileName\testFiles\OK%83.TXT">
      <Filter>src\_micro-api-readonly\libraries\SdFat\examples\LongFileName\testFiles</Filter>
    </Text>
    <Text Include="..\..\..\..\..\..\..\..\..\AppData\Arduino\libraries\SdFat\examples\LongFileName\testFiles\STD_8_3.TXT">
      <Filter>src\_micro-api-readonly\libraries\SdFat\examples\LongFileName\testFiles</Filter>
    </Text>
    <Text Include="..\..\..\..\..\..\..\..\..\AppData\Arduino\libraries\SdFat\examples\LongFileName\testFiles\With Blank.txt">
      <Filter>src\_micro-api-readonly\libraries\SdFat\examples\LongFileName\testFiles</Filter>
    </Text>
    <Text Include="..\..\..\..\..\..\..\..\..\AppData\Arduino\libraries\SdFat\examples\LongFileName\testFiles\With.Two dots.txt">
      <Filter>src\_micro-api-readonly\libraries\SdFat\examples\LongFileName\testFiles</Filter>
    </Text>
  </ItemGroup>
</Project>