
Microsoft Visual Studio Solution File, Format Version 12.00
# Visual Studio 15
VisualStudioVersion = 15.0.26730.3
MinimumVisualStudioVersion = 10.0.40219.1
Project("{FAE04EC0-301F-11D3-BF4B-00C04F79EFBC}") = "ICR_Run", "ICR_Run.csproj", "{49C135A3-48D5-4EDE-AFC9-96861A8CAE1C}"
EndProject
Global
	GlobalSection(SolutionConfigurationPlatforms) = preSolution
		Debug|x86 = Debug|x86
		Release|x86 = Release|x86
	EndGlobalSection
	GlobalSection(ProjectConfigurationPlatforms) = postSolution
		{49C135A3-48D5-4EDE-AFC9-96861A8CAE1C}.Debug|x86.ActiveCfg = Debug|x86
		{49C135A3-48D5-4EDE-AFC9-96861A8CAE1C}.Debug|x86.Build.0 = Debug|x86
		{49C135A3-48D5-4EDE-AFC9-96861A8CAE1C}.Release|x86.ActiveCfg = Release|x86
		{49C135A3-48D5-4EDE-AFC9-96861A8CAE1C}.Release|x86.Build.0 = Release|x86
	EndGlobalSection
	GlobalSection(SolutionProperties) = preSolution
		HideSolutionNode = FALSE
	EndGlobalSection
	GlobalSection(ExtensibilityGlobals) = postSolution
		SolutionGuid = {C32E8A5C-F085-4962-866A-745C025F89F7}
	EndGlobalSection
EndGlobal
