<?xml version="1.0" encoding="utf-8"?>
<Project ToolsVersion="4.0" xmlns="http://schemas.microsoft.com/developer/msbuild/2003">
  <ItemGroup>
    <Filter Include="Source Files">
      <UniqueIdentifier>{4FC737F1-C7A5-4376-A066-2A32D752A2FF}</UniqueIdentifier>
      <Extensions>cpp;c;cc;cxx;def;odl;idl;hpj;bat;asm;asmx</Extensions>
    </Filter>
    <Filter Include="Header Files">
      <UniqueIdentifier>{93995380-89BD-4b04-88EB-625FBE52EBFB}</UniqueIdentifier>
      <Extensions>h;hh;hpp;hxx;hm;inl;inc;xsd</Extensions>
    </Filter>
    <Filter Include="Resource Files">
      <UniqueIdentifier>{67DA6AB6-F800-4c08-8B7A-83BB121AAD01}</UniqueIdentifier>
      <Extensions>rc;ico;cur;bmp;dlg;rc2;rct;bin;rgs;gif;jpg;jpeg;jpe;resx;tiff;tif;png;wav;mfcribbon-ms</Extensions>
    </Filter>
    <Filter Include="src">
      <UniqueIdentifier>{7b29755a-0b31-4b0c-87a6-2d41fbd42de1}</UniqueIdentifier>
    </Filter>
    <Filter Include="src\_micro-api-readonly">
      <UniqueIdentifier>{917cf453-1518-4a4a-8bbf-3251406a2e30}</UniqueIdentifier>
    </Filter>
    <Filter Include="src\_micro-api-readonly\core">
      <UniqueIdentifier>{cde2ca79-0e05-4d93-ac2f-e5996e40ddf8}</UniqueIdentifier>
    </Filter>
    <Filter Include="src\_micro-api-readonly\variants">
      <UniqueIdentifier>{5ce2322e-4d01-4625-824b-17b191ee7931}</UniqueIdentifier>
    </Filter>
    <Filter Include="src\_micro-api-readonly\variants\arduino_due_x">
      <UniqueIdentifier>{8b70ccf6-29a3-4ec4-9d3d-f4cb93f63514}</UniqueIdentifier>
    </Filter>
    <Filter Include="src\_micro-api-readonly\core\avr">
      <UniqueIdentifier>{1069d726-0601-4fb5-bb8c-e06c96e3e74b}</UniqueIdentifier>
    </Filter>
    <Filter Include="src\_micro-api-readonly\core\USB">
      <UniqueIdentifier>{b3bdc2bf-5fd0-4b3f-b353-652dda5c810c}</UniqueIdentifier>
    </Filter>
    <Filter Include="src\_micro-api-readonly\libraries">
      <UniqueIdentifier>{f99e48ef-78f9-4bb6-a947-e71039ee8255}</UniqueIdentifier>
    </Filter>
  </ItemGroup>
  <ItemGroup>
    <None Include="CheetahDue.ino" />
    <None Include="..\..\..\..\..\..\..\..\..\AppData\Local\arduino15\packages\arduino\hardware\sam\1.6.8\cores\arduino\wiring_pulse_asm.S">
      <Filter>src\_micro-api-readonly\core</Filter>
    </None>
  </ItemGroup>
  <ItemGroup>
    <ClInclude Include="__vm\.CheetahDue.vsarduino.h">
      <Filter>Header Files</Filter>
    </ClInclude>
    <ClInclude Include="..\..\..\..\..\..\..\..\..\AppData\Local\arduino15\packages\arduino\hardware\sam\1.6.8\cores\arduino\Arduino.h">
      <Filter>src\_micro-api-readonly\core</Filter>
    </ClInclude>
    <ClInclude Include="..\..\..\..\..\..\..\..\..\AppData\Local\arduino15\packages\arduino\hardware\sam\1.6.8\cores\arduino\binary.h">
      <Filter>src\_micro-api-readonly\core</Filter>
    </ClInclude>
    <ClInclude Include="..\..\..\..\..\..\..\..\..\AppData\Local\arduino15\packages\arduino\hardware\sam\1.6.8\cores\arduino\Client.h">
      <Filter>src\_micro-api-readonly\core</Filter>
    </ClInclude>
    <ClInclude Include="..\..\..\..\..\..\..\..\..\AppData\Local\arduino15\packages\arduino\hardware\sam\1.6.8\cores\arduino\HardwareSerial.h">
      <Filter>src\_micro-api-readonly\core</Filter>
    </ClInclude>
    <ClInclude Include="..\..\..\..\..\..\..\..\..\AppData\Local\arduino15\packages\arduino\hardware\sam\1.6.8\cores\arduino\IPAddress.h">
      <Filter>src\_micro-api-readonly\core</Filter>
    </ClInclude>
    <ClInclude Include="..\..\..\..\..\..\..\..\..\AppData\Local\arduino15\packages\arduino\hardware\sam\1.6.8\cores\arduino\itoa.h">
      <Filter>src\_micro-api-readonly\core</Filter>
    </ClInclude>
    <ClInclude Include="..\..\..\..\..\..\..\..\..\AppData\Local\arduino15\packages\arduino\hardware\sam\1.6.8\cores\arduino\Print.h">
      <Filter>src\_micro-api-readonly\core</Filter>
    </ClInclude>
    <ClInclude Include="..\..\..\..\..\..\..\..\..\AppData\Local\arduino15\packages\arduino\hardware\sam\1.6.8\cores\arduino\Printable.h">
      <Filter>src\_micro-api-readonly\core</Filter>
    </ClInclude>
    <ClInclude Include="..\..\..\..\..\..\..\..\..\AppData\Local\arduino15\packages\arduino\hardware\sam\1.6.8\cores\arduino\Reset.h">
      <Filter>src\_micro-api-readonly\core</Filter>
    </ClInclude>
    <ClInclude Include="..\..\..\..\..\..\..\..\..\AppData\Local\arduino15\packages\arduino\hardware\sam\1.6.8\cores\arduino\RingBuffer.h">
      <Filter>src\_micro-api-readonly\core</Filter>
    </ClInclude>
    <ClInclude Include="..\..\..\..\..\..\..\..\..\AppData\Local\arduino15\packages\arduino\hardware\sam\1.6.8\cores\arduino\Server.h">
      <Filter>src\_micro-api-readonly\core</Filter>
    </ClInclude>
    <ClInclude Include="..\..\..\..\..\..\..\..\..\AppData\Local\arduino15\packages\arduino\hardware\sam\1.6.8\cores\arduino\Stream.h">
      <Filter>src\_micro-api-readonly\core</Filter>
    </ClInclude>
    <ClInclude Include="..\..\..\..\..\..\..\..\..\AppData\Local\arduino15\packages\arduino\hardware\sam\1.6.8\cores\arduino\syscalls.h">
      <Filter>src\_micro-api-readonly\core</Filter>
    </ClInclude>
    <ClInclude Include="..\..\..\..\..\..\..\..\..\AppData\Local\arduino15\packages\arduino\hardware\sam\1.6.8\cores\arduino\Tone.h">
      <Filter>src\_micro-api-readonly\core</Filter>
    </ClInclude>
    <ClInclude Include="..\..\..\..\..\..\..\..\..\AppData\Local\arduino15\packages\arduino\hardware\sam\1.6.8\cores\arduino\UARTClass.h">
      <Filter>src\_micro-api-readonly\core</Filter>
    </ClInclude>
    <ClInclude Include="..\..\..\..\..\..\..\..\..\AppData\Local\arduino15\packages\arduino\hardware\sam\1.6.8\cores\arduino\Udp.h">
      <Filter>src\_micro-api-readonly\core</Filter>
    </ClInclude>
    <ClInclude Include="..\..\..\..\..\..\..\..\..\AppData\Local\arduino15\packages\arduino\hardware\sam\1.6.8\cores\arduino\USARTClass.h">
      <Filter>src\_micro-api-readonly\core</Filter>
    </ClInclude>
    <ClInclude Include="..\..\..\..\..\..\..\..\..\AppData\Local\arduino15\packages\arduino\hardware\sam\1.6.8\cores\arduino\watchdog.h">
      <Filter>src\_micro-api-readonly\core</Filter>
    </ClInclude>
    <ClInclude Include="..\..\..\..\..\..\..\..\..\AppData\Local\arduino15\packages\arduino\hardware\sam\1.6.8\cores\arduino\WCharacter.h">
      <Filter>src\_micro-api-readonly\core</Filter>
    </ClInclude>
    <ClInclude Include="..\..\..\..\..\..\..\..\..\AppData\Local\arduino15\packages\arduino\hardware\sam\1.6.8\cores\arduino\WInterrupts.h">
      <Filter>src\_micro-api-readonly\core</Filter>
    </ClInclude>
    <ClInclude Include="..\..\..\..\..\..\..\..\..\AppData\Local\arduino15\packages\arduino\hardware\sam\1.6.8\cores\arduino\wiring.h">
      <Filter>src\_micro-api-readonly\core</Filter>
    </ClInclude>
    <ClInclude Include="..\..\..\..\..\..\..\..\..\AppData\Local\arduino15\packages\arduino\hardware\sam\1.6.8\cores\arduino\wiring_analog.h">
      <Filter>src\_micro-api-readonly\core</Filter>
    </ClInclude>
    <ClInclude Include="..\..\..\..\..\..\..\..\..\AppData\Local\arduino15\packages\arduino\hardware\sam\1.6.8\cores\arduino\wiring_constants.h">
      <Filter>src\_micro-api-readonly\core</Filter>
    </ClInclude>
    <ClInclude Include="..\..\..\..\..\..\..\..\..\AppData\Local\arduino15\packages\arduino\hardware\sam\1.6.8\cores\arduino\wiring_digital.h">
      <Filter>src\_micro-api-readonly\core</Filter>
    </ClInclude>
    <ClInclude Include="..\..\..\..\..\..\..\..\..\AppData\Local\arduino15\packages\arduino\hardware\sam\1.6.8\cores\arduino\wiring_private.h">
      <Filter>src\_micro-api-readonly\core</Filter>
    </ClInclude>
    <ClInclude Include="..\..\..\..\..\..\..\..\..\AppData\Local\arduino15\packages\arduino\hardware\sam\1.6.8\cores\arduino\wiring_pulse.h">
      <Filter>src\_micro-api-readonly\core</Filter>
    </ClInclude>
    <ClInclude Include="..\..\..\..\..\..\..\..\..\AppData\Local\arduino15\packages\arduino\hardware\sam\1.6.8\cores\arduino\wiring_shift.h">
      <Filter>src\_micro-api-readonly\core</Filter>
    </ClInclude>
    <ClInclude Include="..\..\..\..\..\..\..\..\..\AppData\Local\arduino15\packages\arduino\hardware\sam\1.6.8\cores\arduino\WMath.h">
      <Filter>src\_micro-api-readonly\core</Filter>
    </ClInclude>
    <ClInclude Include="..\..\..\..\..\..\..\..\..\AppData\Local\arduino15\packages\arduino\hardware\sam\1.6.8\cores\arduino\WString.h">
      <Filter>src\_micro-api-readonly\core</Filter>
    </ClInclude>
    <ClInclude Include="..\..\..\..\..\..\..\..\..\AppData\Local\arduino15\packages\arduino\hardware\sam\1.6.8\cores\arduino\avr\dtostrf.h">
      <Filter>src\_micro-api-readonly\core\avr</Filter>
    </ClInclude>
    <ClInclude Include="..\..\..\..\..\..\..\..\..\AppData\Local\arduino15\packages\arduino\hardware\sam\1.6.8\cores\arduino\avr\interrupt.h">
      <Filter>src\_micro-api-readonly\core\avr</Filter>
    </ClInclude>
    <ClInclude Include="..\..\..\..\..\..\..\..\..\AppData\Local\arduino15\packages\arduino\hardware\sam\1.6.8\cores\arduino\avr\pgmspace.h">
      <Filter>src\_micro-api-readonly\core\avr</Filter>
    </ClInclude>
    <ClInclude Include="..\..\..\..\..\..\..\..\..\AppData\Local\arduino15\packages\arduino\hardware\sam\1.6.8\cores\arduino\USB\PluggableUSB.h">
      <Filter>src\_micro-api-readonly\core\USB</Filter>
    </ClInclude>
    <ClInclude Include="..\..\..\..\..\..\..\..\..\AppData\Local\arduino15\packages\arduino\hardware\sam\1.6.8\cores\arduino\USB\USBAPI.h">
      <Filter>src\_micro-api-readonly\core\USB</Filter>
    </ClInclude>
    <ClInclude Include="..\..\..\..\..\..\..\..\..\AppData\Local\arduino15\packages\arduino\hardware\sam\1.6.8\cores\arduino\USB\USBCore.h">
      <Filter>src\_micro-api-readonly\core\USB</Filter>
    </ClInclude>
    <ClInclude Include="..\..\..\..\..\..\..\..\..\AppData\Local\arduino15\packages\arduino\hardware\sam\1.6.8\cores\arduino\USB\USBDesc.h">
      <Filter>src\_micro-api-readonly\core\USB</Filter>
    </ClInclude>
    <ClInclude Include="..\..\..\..\..\..\..\..\..\AppData\Local\arduino15\packages\arduino\hardware\sam\1.6.8\variants\arduino_due_x\pins_arduino.h">
      <Filter>src\_micro-api-readonly\variants\arduino_due_x</Filter>
    </ClInclude>
    <ClInclude Include="..\..\..\..\..\..\..\..\..\AppData\Local\arduino15\packages\arduino\hardware\sam\1.6.8\variants\arduino_due_x\variant.h">
      <Filter>src\_micro-api-readonly\variants\arduino_due_x</Filter>
    </ClInclude>
  </ItemGroup>
  <ItemGroup>
    <ClCompile Include="..\..\..\..\..\..\..\..\..\AppData\Local\arduino15\packages\arduino\hardware\sam\1.6.8\cores\arduino\abi.cpp">
      <Filter>src\_micro-api-readonly\core</Filter>
    </ClCompile>
    <ClCompile Include="..\..\..\..\..\..\..\..\..\AppData\Local\arduino15\packages\arduino\hardware\sam\1.6.8\cores\arduino\cortex_handlers.c">
      <Filter>src\_micro-api-readonly\core</Filter>
    </ClCompile>
    <ClCompile Include="..\..\..\..\..\..\..\..\..\AppData\Local\arduino15\packages\arduino\hardware\sam\1.6.8\cores\arduino\hooks.c">
      <Filter>src\_micro-api-readonly\core</Filter>
    </ClCompile>
    <ClCompile Include="..\..\..\..\..\..\..\..\..\AppData\Local\arduino15\packages\arduino\hardware\sam\1.6.8\cores\arduino\iar_calls_sam3.c">
      <Filter>src\_micro-api-readonly\core</Filter>
    </ClCompile>
    <ClCompile Include="..\..\..\..\..\..\..\..\..\AppData\Local\arduino15\packages\arduino\hardware\sam\1.6.8\cores\arduino\IPAddress.cpp">
      <Filter>src\_micro-api-readonly\core</Filter>
    </ClCompile>
    <ClCompile Include="..\..\..\..\..\..\..\..\..\AppData\Local\arduino15\packages\arduino\hardware\sam\1.6.8\cores\arduino\itoa.c">
      <Filter>src\_micro-api-readonly\core</Filter>
    </ClCompile>
    <ClCompile Include="..\..\..\..\..\..\..\..\..\AppData\Local\arduino15\packages\arduino\hardware\sam\1.6.8\cores\arduino\main.cpp">
      <Filter>src\_micro-api-readonly\core</Filter>
    </ClCompile>
    <ClCompile Include="..\..\..\..\..\..\..\..\..\AppData\Local\arduino15\packages\arduino\hardware\sam\1.6.8\cores\arduino\new.cpp">
      <Filter>src\_micro-api-readonly\core</Filter>
    </ClCompile>
    <ClCompile Include="..\..\..\..\..\..\..\..\..\AppData\Local\arduino15\packages\arduino\hardware\sam\1.6.8\cores\arduino\Print.cpp">
      <Filter>src\_micro-api-readonly\core</Filter>
    </ClCompile>
    <ClCompile Include="..\..\..\..\..\..\..\..\..\AppData\Local\arduino15\packages\arduino\hardware\sam\1.6.8\cores\arduino\Reset.cpp">
      <Filter>src\_micro-api-readonly\core</Filter>
    </ClCompile>
    <ClCompile Include="..\..\..\..\..\..\..\..\..\AppData\Local\arduino15\packages\arduino\hardware\sam\1.6.8\cores\arduino\RingBuffer.cpp">
      <Filter>src\_micro-api-readonly\core</Filter>
    </ClCompile>
    <ClCompile Include="..\..\..\..\..\..\..\..\..\AppData\Local\arduino15\packages\arduino\hardware\sam\1.6.8\cores\arduino\Stream.cpp">
      <Filter>src\_micro-api-readonly\core</Filter>
    </ClCompile>
    <ClCompile Include="..\..\..\..\..\..\..\..\..\AppData\Local\arduino15\packages\arduino\hardware\sam\1.6.8\cores\arduino\syscalls_sam3.c">
      <Filter>src\_micro-api-readonly\core</Filter>
    </ClCompile>
    <ClCompile Include="..\..\..\..\..\..\..\..\..\AppData\Local\arduino15\packages\arduino\hardware\sam\1.6.8\cores\arduino\UARTClass.cpp">
      <Filter>src\_micro-api-readonly\core</Filter>
    </ClCompile>
    <ClCompile Include="..\..\..\..\..\..\..\..\..\AppData\Local\arduino15\packages\arduino\hardware\sam\1.6.8\cores\arduino\USARTClass.cpp">
      <Filter>src\_micro-api-readonly\core</Filter>
    </ClCompile>
    <ClCompile Include="..\..\..\..\..\..\..\..\..\AppData\Local\arduino15\packages\arduino\hardware\sam\1.6.8\cores\arduino\watchdog.cpp">
      <Filter>src\_micro-api-readonly\core</Filter>
    </ClCompile>
    <ClCompile Include="..\..\..\..\..\..\..\..\..\AppData\Local\arduino15\packages\arduino\hardware\sam\1.6.8\cores\arduino\WInterrupts.c">
      <Filter>src\_micro-api-readonly\core</Filter>
    </ClCompile>
    <ClCompile Include="..\..\..\..\..\..\..\..\..\AppData\Local\arduino15\packages\arduino\hardware\sam\1.6.8\cores\arduino\wiring.c">
      <Filter>src\_micro-api-readonly\core</Filter>
    </ClCompile>
    <ClCompile Include="..\..\..\..\..\..\..\..\..\AppData\Local\arduino15\packages\arduino\hardware\sam\1.6.8\cores\arduino\wiring_analog.c">
      <Filter>src\_micro-api-readonly\core</Filter>
    </ClCompile>
    <ClCompile Include="..\..\..\..\..\..\..\..\..\AppData\Local\arduino15\packages\arduino\hardware\sam\1.6.8\cores\arduino\wiring_digital.c">
      <Filter>src\_micro-api-readonly\core</Filter>
    </ClCompile>
    <ClCompile Include="..\..\..\..\..\..\..\..\..\AppData\Local\arduino15\packages\arduino\hardware\sam\1.6.8\cores\arduino\wiring_pulse.cpp">
      <Filter>src\_micro-api-readonly\core</Filter>
    </ClCompile>
    <ClCompile Include="..\..\..\..\..\..\..\..\..\AppData\Local\arduino15\packages\arduino\hardware\sam\1.6.8\cores\arduino\wiring_shift.c">
      <Filter>src\_micro-api-readonly\core</Filter>
    </ClCompile>
    <ClCompile Include="..\..\..\..\..\..\..\..\..\AppData\Local\arduino15\packages\arduino\hardware\sam\1.6.8\cores\arduino\WMath.cpp">
      <Filter>src\_micro-api-readonly\core</Filter>
    </ClCompile>
    <ClCompile Include="..\..\..\..\..\..\..\..\..\AppData\Local\arduino15\packages\arduino\hardware\sam\1.6.8\cores\arduino\WString.cpp">
      <Filter>src\_micro-api-readonly\core</Filter>
    </ClCompile>
    <ClCompile Include="..\..\..\..\..\..\..\..\..\AppData\Local\arduino15\packages\arduino\hardware\sam\1.6.8\cores\arduino\avr\dtostrf.c">
      <Filter>src\_micro-api-readonly\core\avr</Filter>
    </ClCompile>
    <ClCompile Include="..\..\..\..\..\..\..\..\..\AppData\Local\arduino15\packages\arduino\hardware\sam\1.6.8\cores\arduino\USB\CDC.cpp">
      <Filter>src\_micro-api-readonly\core\USB</Filter>
    </ClCompile>
    <ClCompile Include="..\..\..\..\..\..\..\..\..\AppData\Local\arduino15\packages\arduino\hardware\sam\1.6.8\cores\arduino\USB\PluggableUSB.cpp">
      <Filter>src\_micro-api-readonly\core\USB</Filter>
    </ClCompile>
    <ClCompile Include="..\..\..\..\..\..\..\..\..\AppData\Local\arduino15\packages\arduino\hardware\sam\1.6.8\cores\arduino\USB\USBCore.cpp">
      <Filter>src\_micro-api-readonly\core\USB</Filter>
    </ClCompile>
  </ItemGroup>
</Project>